{
  "version": 4,
  "terraform_version": "1.13.5",
  "serial": 338,
  "lineage": "bb732695-2c78-e39f-ac07-cd8c1744047e",
  "outputs": {
    "backend_endpoint_service_name": {
      "value": "com.amazonaws.vpce.us-west-2.vpce-svc-0703c8716a0a86192",
      "type": "string"
    },
    "eks_gateway_oidc_url": {
      "value": "https://oidc.eks.us-west-2.amazonaws.com/id/0D5C272E868565517C728ACAB4A95682",
      "type": "string"
    },
    "gateway_endpoint_dns_names": {
      "value": [
        {
          "dns_name": "vpce-079d6777e13eb6ee5-3sait9nt.vpce-svc-0703c8716a0a86192.us-west-2.vpce.amazonaws.com",
          "hosted_zone_id": "Z1YSA3EXCYUU9Z"
        },
        {
          "dns_name": "vpce-079d6777e13eb6ee5-3sait9nt-us-west-2b.vpce-svc-0703c8716a0a86192.us-west-2.vpce.amazonaws.com",
          "hosted_zone_id": "Z1YSA3EXCYUU9Z"
        },
        {
          "dns_name": "vpce-079d6777e13eb6ee5-3sait9nt-us-west-2a.vpce-svc-0703c8716a0a86192.us-west-2.vpce.amazonaws.com",
          "hosted_zone_id": "Z1YSA3EXCYUU9Z"
        }
      ],
      "type": [
        "list",
        [
          "object",
          {
            "dns_name": "string",
            "hosted_zone_id": "string"
          }
        ]
      ]
    },
    "gateway_endpoint_id": {
      "value": "vpce-079d6777e13eb6ee5",
      "type": "string"
    },
    "nlb_arn": {
      "value": "arn:aws:elasticloadbalancing:us-west-2:721500739616:loadbalancer/net/nlb-routing-to-backend/83b9f8bb19d06208",
      "type": "string"
    },
    "nlb_dns_name": {
      "value": "nlb-routing-to-backend-83b9f8bb19d06208.elb.us-west-2.amazonaws.com",
      "type": "string"
    },
    "nlb_security_group": {
      "value": "sg-063ef88d993b20e08",
      "type": "string"
    },
    "vpc_backend_id": {
      "value": "vpc-0d5fe5db59dd8bc11",
      "type": "string"
    },
    "vpc_backend_private_route_table_id": {
      "value": "rtb-031954851bbdda9b7",
      "type": "string"
    },
    "vpc_backend_private_subnets": {
      "value": [
        "subnet-07b5c7a948d741fbe",
        "subnet-0702bc09bb6d370f1"
      ],
      "type": [
        "tuple",
        [
          "string",
          "string"
        ]
      ]
    },
    "vpc_backend_public_subnets": {
      "value": [
        "subnet-0ccfeda2c3359f9b3"
      ],
      "type": [
        "tuple",
        [
          "string"
        ]
      ]
    },
    "vpc_gateway_id": {
      "value": "vpc-090feb488bedbcb62",
      "type": "string"
    },
    "vpc_gateway_private_route_table_id": {
      "value": "rtb-02f6d4a7c12ca5eb9",
      "type": "string"
    },
    "vpc_gateway_private_subnets": {
      "value": [
        "subnet-0fc7365ef79e86f34",
        "subnet-0e4e753ee050db38a"
      ],
      "type": [
        "tuple",
        [
          "string",
          "string"
        ]
      ]
    },
    "vpc_gateway_public_route_table_id": {
      "value": "rtb-0df7aa22b94190c45",
      "type": "string"
    },
    "vpc_gateway_public_subnets": {
      "value": [
        "subnet-0cde07edee3714a8f",
        "subnet-00d7365fa25fffa9f"
      ],
      "type": [
        "tuple",
        [
          "string",
          "string"
        ]
      ]
    },
    "vpc_peering_connection_id": {
      "value": "pcx-009f50c8b0e017ef4",
      "type": "string"
    }
  },
  "resources": [
    {
      "module": "module.eks_gateway",
      "mode": "data",
      "type": "aws_caller_identity",
      "name": "current",
      "provider": "provider[\"registry.terraform.io/hashicorp/aws\"]",
      "instances": [
        {
          "schema_version": 0,
          "attributes": {
            "account_id": "721500739616",
            "arn": "arn:aws:iam::721500739616:user/vijaykumarbirru22@gmail.com",
            "id": "721500739616",
            "user_id": "AIDA2P7GLTAQP3ZTUVUV4"
          },
          "sensitive_attributes": [],
          "identity_schema_version": 0
        }
      ]
    },
    {
      "module": "module.eks_gateway",
      "mode": "data",
      "type": "aws_partition",
      "name": "current",
      "provider": "provider[\"registry.terraform.io/hashicorp/aws\"]",
      "instances": [
        {
          "schema_version": 0,
          "attributes": {
            "dns_suffix": "amazonaws.com",
            "id": "aws",
            "partition": "aws",
            "reverse_dns_prefix": "com.amazonaws"
          },
          "sensitive_attributes": [],
          "identity_schema_version": 0
        }
      ]
    },
    {
      "module": "module.eks_gateway.module.eks",
      "mode": "data",
      "type": "aws_caller_identity",
      "name": "current",
      "provider": "provider[\"registry.terraform.io/hashicorp/aws\"]",
      "instances": [
        {
          "index_key": 0,
          "schema_version": 0,
          "attributes": {
            "account_id": "721500739616",
            "arn": "arn:aws:iam::721500739616:user/vijaykumarbirru22@gmail.com",
            "id": "721500739616",
            "user_id": "AIDA2P7GLTAQP3ZTUVUV4"
          },
          "sensitive_attributes": [],
          "identity_schema_version": 0
        }
      ]
    },
    {
      "module": "module.eks_gateway.module.eks",
      "mode": "data",
      "type": "aws_eks_addon_version",
      "name": "this",
      "provider": "provider[\"registry.terraform.io/hashicorp/aws\"]",
      "instances": [
        {
          "index_key": "coredns",
          "schema_version": 0,
          "attributes": {
            "addon_name": "coredns",
            "id": "coredns",
            "kubernetes_version": "1.32",
            "most_recent": true,
            "version": "v1.11.4-eksbuild.24"
          },
          "sensitive_attributes": [],
          "identity_schema_version": 0
        },
        {
          "index_key": "eks-pod-identity-agent",
          "schema_version": 0,
          "attributes": {
            "addon_name": "eks-pod-identity-agent",
            "id": "eks-pod-identity-agent",
            "kubernetes_version": "1.32",
            "most_recent": true,
            "version": "v1.3.9-eksbuild.5"
          },
          "sensitive_attributes": [],
          "identity_schema_version": 0
        },
        {
          "index_key": "kube-proxy",
          "schema_version": 0,
          "attributes": {
            "addon_name": "kube-proxy",
            "id": "kube-proxy",
            "kubernetes_version": "1.32",
            "most_recent": true,
            "version": "v1.32.9-eksbuild.2"
          },
          "sensitive_attributes": [],
          "identity_schema_version": 0
        },
        {
          "index_key": "vpc-cni",
          "schema_version": 0,
          "attributes": {
            "addon_name": "vpc-cni",
            "id": "vpc-cni",
            "kubernetes_version": "1.32",
            "most_recent": true,
            "version": "v1.20.4-eksbuild.1"
          },
          "sensitive_attributes": [],
          "identity_schema_version": 0
        }
      ]
    },
    {
      "module": "module.eks_gateway.module.eks",
      "mode": "data",
      "type": "aws_iam_session_context",
      "name": "current",
      "provider": "provider[\"registry.terraform.io/hashicorp/aws\"]",
      "instances": [
        {
          "index_key": 0,
          "schema_version": 0,
          "attributes": {
            "arn": "arn:aws:iam::721500739616:user/vijaykumarbirru22@gmail.com",
            "id": "arn:aws:iam::721500739616:user/vijaykumarbirru22@gmail.com",
            "issuer_arn": "arn:aws:iam::721500739616:user/vijaykumarbirru22@gmail.com",
            "issuer_id": "",
            "issuer_name": "",
            "session_name": ""
          },
          "sensitive_attributes": [],
          "identity_schema_version": 0
        }
      ]
    },
    {
      "module": "module.eks_gateway.module.eks",
      "mode": "data",
      "type": "aws_partition",
      "name": "current",
      "provider": "provider[\"registry.terraform.io/hashicorp/aws\"]",
      "instances": [
        {
          "index_key": 0,
          "schema_version": 0,
          "attributes": {
            "dns_suffix": "amazonaws.com",
            "id": "aws",
            "partition": "aws",
            "reverse_dns_prefix": "com.amazonaws"
          },
          "sensitive_attributes": [],
          "identity_schema_version": 0
        }
      ]
    },
    {
      "module": "module.eks_gateway.module.eks",
      "mode": "managed",
      "type": "aws_cloudwatch_log_group",
      "name": "this",
      "provider": "provider[\"registry.terraform.io/hashicorp/aws\"]",
      "instances": [
        {
          "index_key": 0,
          "schema_version": 0,
          "attributes": {
            "arn": "arn:aws:logs:us-west-2:721500739616:log-group:/aws/eks/eks-gateway/cluster",
            "id": "/aws/eks/eks-gateway/cluster",
            "kms_key_id": "",
            "log_group_class": "STANDARD",
            "name": "/aws/eks/eks-gateway/cluster",
            "name_prefix": "",
            "retention_in_days": 90,
            "skip_destroy": false,
            "tags": {
              "Env": "dev",
              "Name": "/aws/eks/eks-gateway/cluster",
              "Project": "multi-vpc-eks"
            },
            "tags_all": {
              "Env": "dev",
              "Name": "/aws/eks/eks-gateway/cluster",
              "Project": "multi-vpc-eks"
            }
          },
          "sensitive_attributes": [],
          "identity_schema_version": 0,
          "private": "bnVsbA==",
          "create_before_destroy": true
        }
      ]
    },
    {
      "module": "module.eks_gateway.module.eks",
      "mode": "managed",
      "type": "aws_ec2_tag",
      "name": "cluster_primary_security_group",
      "provider": "provider[\"registry.terraform.io/hashicorp/aws\"]",
      "instances": [
        {
          "index_key": "Env",
          "schema_version": 0,
          "attributes": {
            "id": "sg-0eeea59a3b12911b3,Env",
            "key": "Env",
            "resource_id": "sg-0eeea59a3b12911b3",
            "value": "dev"
          },
          "sensitive_attributes": [],
          "identity_schema_version": 0,
          "private": "bnVsbA==",
          "dependencies": [
            "module.eks_gateway.module.eks.aws_cloudwatch_log_group.this",
            "module.eks_gateway.module.eks.aws_eks_cluster.this",
            "module.eks_gateway.module.eks.aws_iam_policy.cni_ipv6_policy",
            "module.eks_gateway.module.eks.aws_iam_role.eks_auto",
            "module.eks_gateway.module.eks.aws_iam_role.this",
            "module.eks_gateway.module.eks.aws_iam_role_policy_attachment.this",
            "module.eks_gateway.module.eks.aws_security_group.cluster",
            "module.eks_gateway.module.eks.aws_security_group.node",
            "module.eks_gateway.module.eks.aws_security_group_rule.cluster",
            "module.eks_gateway.module.eks.aws_security_group_rule.node",
            "module.eks_gateway.module.eks.data.aws_caller_identity.current",
            "module.eks_gateway.module.eks.data.aws_iam_policy_document.assume_role_policy",
            "module.eks_gateway.module.eks.data.aws_iam_policy_document.cni_ipv6_policy",
            "module.eks_gateway.module.eks.data.aws_iam_policy_document.node_assume_role_policy",
            "module.eks_gateway.module.eks.data.aws_iam_session_context.current",
            "module.eks_gateway.module.eks.data.aws_partition.current",
            "module.eks_gateway.module.eks.module.kms.aws_kms_external_key.this",
            "module.eks_gateway.module.eks.module.kms.aws_kms_key.this",
            "module.eks_gateway.module.eks.module.kms.aws_kms_replica_external_key.this",
            "module.eks_gateway.module.eks.module.kms.aws_kms_replica_key.this",
            "module.eks_gateway.module.eks.module.kms.data.aws_caller_identity.current",
            "module.eks_gateway.module.eks.module.kms.data.aws_iam_policy_document.this",
            "module.eks_gateway.module.eks.module.kms.data.aws_partition.current",
            "module.vpc_gateway.aws_subnet.private",
            "module.vpc_gateway.aws_vpc.vpc",
            "module.vpc_gateway.data.aws_availability_zones.azs"
          ]
        },
        {
          "index_key": "Project",
          "schema_version": 0,
          "attributes": {
            "id": "sg-0eeea59a3b12911b3,Project",
            "key": "Project",
            "resource_id": "sg-0eeea59a3b12911b3",
            "value": "multi-vpc-eks"
          },
          "sensitive_attributes": [],
          "identity_schema_version": 0,
          "private": "bnVsbA==",
          "dependencies": [
            "module.eks_gateway.module.eks.aws_cloudwatch_log_group.this",
            "module.eks_gateway.module.eks.aws_eks_cluster.this",
            "module.eks_gateway.module.eks.aws_iam_policy.cni_ipv6_policy",
            "module.eks_gateway.module.eks.aws_iam_role.eks_auto",
            "module.eks_gateway.module.eks.aws_iam_role.this",
            "module.eks_gateway.module.eks.aws_iam_role_policy_attachment.this",
            "module.eks_gateway.module.eks.aws_security_group.cluster",
            "module.eks_gateway.module.eks.aws_security_group.node",
            "module.eks_gateway.module.eks.aws_security_group_rule.cluster",
            "module.eks_gateway.module.eks.aws_security_group_rule.node",
            "module.eks_gateway.module.eks.data.aws_caller_identity.current",
            "module.eks_gateway.module.eks.data.aws_iam_policy_document.assume_role_policy",
            "module.eks_gateway.module.eks.data.aws_iam_policy_document.cni_ipv6_policy",
            "module.eks_gateway.module.eks.data.aws_iam_policy_document.node_assume_role_policy",
            "module.eks_gateway.module.eks.data.aws_iam_session_context.current",
            "module.eks_gateway.module.eks.data.aws_partition.current",
            "module.eks_gateway.module.eks.module.kms.aws_kms_external_key.this",
            "module.eks_gateway.module.eks.module.kms.aws_kms_key.this",
            "module.eks_gateway.module.eks.module.kms.aws_kms_replica_external_key.this",
            "module.eks_gateway.module.eks.module.kms.aws_kms_replica_key.this",
            "module.eks_gateway.module.eks.module.kms.data.aws_caller_identity.current",
            "module.eks_gateway.module.eks.module.kms.data.aws_iam_policy_document.this",
            "module.eks_gateway.module.eks.module.kms.data.aws_partition.current",
            "module.vpc_gateway.aws_subnet.private",
            "module.vpc_gateway.aws_vpc.vpc",
            "module.vpc_gateway.data.aws_availability_zones.azs"
          ]
        }
      ]
    },
    {
      "module": "module.eks_gateway.module.eks",
      "mode": "managed",
      "type": "aws_eks_access_entry",
      "name": "this",
      "provider": "provider[\"registry.terraform.io/hashicorp/aws\"]",
      "instances": [
        {
          "index_key": "cluster_creator",
          "schema_version": 0,
          "attributes": {
            "access_entry_arn": "arn:aws:eks:us-west-2:721500739616:access-entry/eks-gateway/user/721500739616/vijaykumarbirru22@gmail.com/1acd4b07-2ded-06c8-4ba0-bc3e11206109",
            "cluster_name": "eks-gateway",
            "created_at": "2025-11-18T08:21:54Z",
            "id": "eks-gateway:arn:aws:iam::721500739616:user/vijaykumarbirru22@gmail.com",
            "kubernetes_groups": [],
            "modified_at": "2025-11-18T08:21:54Z",
            "principal_arn": "arn:aws:iam::721500739616:user/vijaykumarbirru22@gmail.com",
            "tags": {
              "Env": "dev",
              "Project": "multi-vpc-eks"
            },
            "tags_all": {
              "Env": "dev",
              "Project": "multi-vpc-eks"
            },
            "timeouts": null,
            "type": "STANDARD",
            "user_name": "arn:aws:iam::721500739616:user/vijaykumarbirru22@gmail.com"
          },
          "sensitive_attributes": [],
          "identity_schema_version": 0,
          "private": "eyJlMmJmYjczMC1lY2FhLTExZTYtOGY4OC0zNDM2M2JjN2M0YzAiOnsiY3JlYXRlIjo2MDAwMDAwMDAwMDAsImRlbGV0ZSI6NjAwMDAwMDAwMDAwfX0=",
          "dependencies": [
            "module.eks_gateway.module.eks.aws_cloudwatch_log_group.this",
            "module.eks_gateway.module.eks.aws_eks_cluster.this",
            "module.eks_gateway.module.eks.aws_iam_policy.cni_ipv6_policy",
            "module.eks_gateway.module.eks.aws_iam_role.eks_auto",
            "module.eks_gateway.module.eks.aws_iam_role.this",
            "module.eks_gateway.module.eks.aws_iam_role_policy_attachment.this",
            "module.eks_gateway.module.eks.aws_security_group.cluster",
            "module.eks_gateway.module.eks.aws_security_group.node",
            "module.eks_gateway.module.eks.aws_security_group_rule.cluster",
            "module.eks_gateway.module.eks.aws_security_group_rule.node",
            "module.eks_gateway.module.eks.data.aws_caller_identity.current",
            "module.eks_gateway.module.eks.data.aws_iam_policy_document.assume_role_policy",
            "module.eks_gateway.module.eks.data.aws_iam_policy_document.cni_ipv6_policy",
            "module.eks_gateway.module.eks.data.aws_iam_policy_document.node_assume_role_policy",
            "module.eks_gateway.module.eks.data.aws_iam_session_context.current",
            "module.eks_gateway.module.eks.data.aws_partition.current",
            "module.eks_gateway.module.eks.module.kms.aws_kms_external_key.this",
            "module.eks_gateway.module.eks.module.kms.aws_kms_key.this",
            "module.eks_gateway.module.eks.module.kms.aws_kms_replica_external_key.this",
            "module.eks_gateway.module.eks.module.kms.aws_kms_replica_key.this",
            "module.eks_gateway.module.eks.module.kms.data.aws_caller_identity.current",
            "module.eks_gateway.module.eks.module.kms.data.aws_iam_policy_document.this",
            "module.eks_gateway.module.eks.module.kms.data.aws_partition.current",
            "module.vpc_gateway.aws_subnet.private",
            "module.vpc_gateway.aws_vpc.vpc",
            "module.vpc_gateway.data.aws_availability_zones.azs"
          ]
        }
      ]
    },
    {
      "module": "module.eks_gateway.module.eks",
      "mode": "managed",
      "type": "aws_eks_access_policy_association",
      "name": "this",
      "provider": "provider[\"registry.terraform.io/hashicorp/aws\"]",
      "instances": [
        {
          "index_key": "cluster_creator_admin",
          "schema_version": 0,
          "attributes": {
            "access_scope": [
              {
                "namespaces": [],
                "type": "cluster"
              }
            ],
            "associated_at": "2025-11-18 08:21:56.264 +0000 UTC",
            "cluster_name": "eks-gateway",
            "id": "eks-gateway#arn:aws:iam::721500739616:user/vijaykumarbirru22@gmail.com#arn:aws:eks::aws:cluster-access-policy/AmazonEKSClusterAdminPolicy",
            "modified_at": "2025-11-18 08:21:56.264 +0000 UTC",
            "policy_arn": "arn:aws:eks::aws:cluster-access-policy/AmazonEKSClusterAdminPolicy",
            "principal_arn": "arn:aws:iam::721500739616:user/vijaykumarbirru22@gmail.com",
            "timeouts": null
          },
          "sensitive_attributes": [],
          "identity_schema_version": 0,
          "private": "eyJlMmJmYjczMC1lY2FhLTExZTYtOGY4OC0zNDM2M2JjN2M0YzAiOnsiY3JlYXRlIjo2MDAwMDAwMDAwMDAsImRlbGV0ZSI6NjAwMDAwMDAwMDAwfX0=",
          "dependencies": [
            "module.eks_gateway.module.eks.aws_cloudwatch_log_group.this",
            "module.eks_gateway.module.eks.aws_eks_access_entry.this",
            "module.eks_gateway.module.eks.aws_eks_cluster.this",
            "module.eks_gateway.module.eks.aws_iam_policy.cni_ipv6_policy",
            "module.eks_gateway.module.eks.aws_iam_role.eks_auto",
            "module.eks_gateway.module.eks.aws_iam_role.this",
            "module.eks_gateway.module.eks.aws_iam_role_policy_attachment.this",
            "module.eks_gateway.module.eks.aws_security_group.cluster",
            "module.eks_gateway.module.eks.aws_security_group.node",
            "module.eks_gateway.module.eks.aws_security_group_rule.cluster",
            "module.eks_gateway.module.eks.aws_security_group_rule.node",
            "module.eks_gateway.module.eks.data.aws_caller_identity.current",
            "module.eks_gateway.module.eks.data.aws_iam_policy_document.assume_role_policy",
            "module.eks_gateway.module.eks.data.aws_iam_policy_document.cni_ipv6_policy",
            "module.eks_gateway.module.eks.data.aws_iam_policy_document.node_assume_role_policy",
            "module.eks_gateway.module.eks.data.aws_iam_session_context.current",
            "module.eks_gateway.module.eks.data.aws_partition.current",
            "module.eks_gateway.module.eks.module.kms.aws_kms_external_key.this",
            "module.eks_gateway.module.eks.module.kms.aws_kms_key.this",
            "module.eks_gateway.module.eks.module.kms.aws_kms_replica_external_key.this",
            "module.eks_gateway.module.eks.module.kms.aws_kms_replica_key.this",
            "module.eks_gateway.module.eks.module.kms.data.aws_caller_identity.current",
            "module.eks_gateway.module.eks.module.kms.data.aws_iam_policy_document.this",
            "module.eks_gateway.module.eks.module.kms.data.aws_partition.current",
            "module.vpc_gateway.aws_subnet.private",
            "module.vpc_gateway.aws_vpc.vpc",
            "module.vpc_gateway.data.aws_availability_zones.azs"
          ]
        }
      ]
    },
    {
      "module": "module.eks_gateway.module.eks",
      "mode": "managed",
      "type": "aws_eks_addon",
      "name": "this",
      "provider": "provider[\"registry.terraform.io/hashicorp/aws\"]",
      "instances": [
        {
          "index_key": "coredns",
          "schema_version": 0,
          "attributes": {
            "addon_name": "coredns",
            "addon_version": "v1.11.4-eksbuild.24",
            "arn": "arn:aws:eks:us-west-2:721500739616:addon/eks-gateway/coredns/cecd4b08-4379-b971-aefe-652552e146ad",
            "cluster_name": "eks-gateway",
            "configuration_values": "",
            "created_at": "2025-11-18T08:24:17Z",
            "id": "eks-gateway:coredns",
            "modified_at": "2025-11-18T08:24:28Z",
            "pod_identity_association": [],
            "preserve": true,
            "resolve_conflicts": null,
            "resolve_conflicts_on_create": "OVERWRITE",
            "resolve_conflicts_on_update": "OVERWRITE",
            "service_account_role_arn": "",
            "tags": {
              "Env": "dev",
              "Project": "multi-vpc-eks"
            },
            "tags_all": {
              "Env": "dev",
              "Project": "multi-vpc-eks"
            },
            "timeouts": {
              "create": null,
              "delete": null,
              "update": null
            }
          },
          "sensitive_attributes": [],
          "identity_schema_version": 0,
          "private": "eyJlMmJmYjczMC1lY2FhLTExZTYtOGY4OC0zNDM2M2JjN2M0YzAiOnsiY3JlYXRlIjoxMjAwMDAwMDAwMDAwLCJkZWxldGUiOjI0MDAwMDAwMDAwMDAsInVwZGF0ZSI6MTIwMDAwMDAwMDAwMH19",
          "dependencies": [
            "module.eks_gateway.module.eks.aws_cloudwatch_log_group.this",
            "module.eks_gateway.module.eks.aws_eks_cluster.this",
            "module.eks_gateway.module.eks.aws_iam_policy.cni_ipv6_policy",
            "module.eks_gateway.module.eks.aws_iam_role.eks_auto",
            "module.eks_gateway.module.eks.aws_iam_role.this",
            "module.eks_gateway.module.eks.aws_iam_role_policy_attachment.this",
            "module.eks_gateway.module.eks.aws_security_group.cluster",
            "module.eks_gateway.module.eks.aws_security_group.node",
            "module.eks_gateway.module.eks.aws_security_group_rule.cluster",
            "module.eks_gateway.module.eks.aws_security_group_rule.node",
            "module.eks_gateway.module.eks.data.aws_caller_identity.current",
            "module.eks_gateway.module.eks.data.aws_eks_addon_version.this",
            "module.eks_gateway.module.eks.data.aws_iam_policy_document.assume_role_policy",
            "module.eks_gateway.module.eks.data.aws_iam_policy_document.cni_ipv6_policy",
            "module.eks_gateway.module.eks.data.aws_iam_policy_document.node_assume_role_policy",
            "module.eks_gateway.module.eks.data.aws_iam_session_context.current",
            "module.eks_gateway.module.eks.data.aws_partition.current",
            "module.eks_gateway.module.eks.module.eks_managed_node_group.aws_autoscaling_schedule.this",
            "module.eks_gateway.module.eks.module.eks_managed_node_group.aws_eks_node_group.this",
            "module.eks_gateway.module.eks.module.eks_managed_node_group.aws_iam_role.this",
            "module.eks_gateway.module.eks.module.eks_managed_node_group.aws_iam_role_policy.this",
            "module.eks_gateway.module.eks.module.eks_managed_node_group.aws_iam_role_policy_attachment.additional",
            "module.eks_gateway.module.eks.module.eks_managed_node_group.aws_iam_role_policy_attachment.this",
            "module.eks_gateway.module.eks.module.eks_managed_node_group.aws_launch_template.this",
            "module.eks_gateway.module.eks.module.eks_managed_node_group.aws_placement_group.this",
            "module.eks_gateway.module.eks.module.eks_managed_node_group.data.aws_caller_identity.current",
            "module.eks_gateway.module.eks.module.eks_managed_node_group.data.aws_ec2_instance_type.this",
            "module.eks_gateway.module.eks.module.eks_managed_node_group.data.aws_ec2_instance_type_offerings.this",
            "module.eks_gateway.module.eks.module.eks_managed_node_group.data.aws_iam_policy_document.assume_role_policy",
            "module.eks_gateway.module.eks.module.eks_managed_node_group.data.aws_iam_policy_document.role",
            "module.eks_gateway.module.eks.module.eks_managed_node_group.data.aws_partition.current",
            "module.eks_gateway.module.eks.module.eks_managed_node_group.data.aws_ssm_parameter.ami",
            "module.eks_gateway.module.eks.module.eks_managed_node_group.data.aws_subnets.placement_group",
            "module.eks_gateway.module.eks.module.eks_managed_node_group.module.user_data.data.cloudinit_config.al2023_eks_managed_node_group",
            "module.eks_gateway.module.eks.module.eks_managed_node_group.module.user_data.data.cloudinit_config.linux_eks_managed_node_group",
            "module.eks_gateway.module.eks.module.eks_managed_node_group.module.user_data.null_resource.validate_cluster_service_cidr",
            "module.eks_gateway.module.eks.module.fargate_profile.aws_eks_fargate_profile.this",
            "module.eks_gateway.module.eks.module.fargate_profile.aws_iam_role.this",
            "module.eks_gateway.module.eks.module.fargate_profile.aws_iam_role_policy.this",
            "module.eks_gateway.module.eks.module.fargate_profile.aws_iam_role_policy_attachment.additional",
            "module.eks_gateway.module.eks.module.fargate_profile.aws_iam_role_policy_attachment.this",
            "module.eks_gateway.module.eks.module.fargate_profile.data.aws_caller_identity.current",
            "module.eks_gateway.module.eks.module.fargate_profile.data.aws_iam_policy_document.assume_role_policy",
            "module.eks_gateway.module.eks.module.fargate_profile.data.aws_iam_policy_document.role",
            "module.eks_gateway.module.eks.module.fargate_profile.data.aws_partition.current",
            "module.eks_gateway.module.eks.module.fargate_profile.data.aws_region.current",
            "module.eks_gateway.module.eks.module.kms.aws_kms_external_key.this",
            "module.eks_gateway.module.eks.module.kms.aws_kms_key.this",
            "module.eks_gateway.module.eks.module.kms.aws_kms_replica_external_key.this",
            "module.eks_gateway.module.eks.module.kms.aws_kms_replica_key.this",
            "module.eks_gateway.module.eks.module.kms.data.aws_caller_identity.current",
            "module.eks_gateway.module.eks.module.kms.data.aws_iam_policy_document.this",
            "module.eks_gateway.module.eks.module.kms.data.aws_partition.current",
            "module.eks_gateway.module.eks.module.self_managed_node_group.aws_autoscaling_group.this",
            "module.eks_gateway.module.eks.module.self_managed_node_group.aws_autoscaling_schedule.this",
            "module.eks_gateway.module.eks.module.self_managed_node_group.aws_eks_access_entry.this",
            "module.eks_gateway.module.eks.module.self_managed_node_group.aws_iam_instance_profile.this",
            "module.eks_gateway.module.eks.module.self_managed_node_group.aws_iam_role.this",
            "module.eks_gateway.module.eks.module.self_managed_node_group.aws_iam_role_policy.this",
            "module.eks_gateway.module.eks.module.self_managed_node_group.aws_iam_role_policy_attachment.additional",
            "module.eks_gateway.module.eks.module.self_managed_node_group.aws_iam_role_policy_attachment.this",
            "module.eks_gateway.module.eks.module.self_managed_node_group.aws_launch_template.this",
            "module.eks_gateway.module.eks.module.self_managed_node_group.aws_placement_group.this",
            "module.eks_gateway.module.eks.module.self_managed_node_group.data.aws_caller_identity.current",
            "module.eks_gateway.module.eks.module.self_managed_node_group.data.aws_ec2_instance_type.this",
            "module.eks_gateway.module.eks.module.self_managed_node_group.data.aws_ec2_instance_type_offerings.this",
            "module.eks_gateway.module.eks.module.self_managed_node_group.data.aws_iam_policy_document.assume_role_policy",
            "module.eks_gateway.module.eks.module.self_managed_node_group.data.aws_iam_policy_document.role",
            "module.eks_gateway.module.eks.module.self_managed_node_group.data.aws_partition.current",
            "module.eks_gateway.module.eks.module.self_managed_node_group.data.aws_ssm_parameter.ami",
            "module.eks_gateway.module.eks.module.self_managed_node_group.data.aws_subnets.placement_group",
            "module.eks_gateway.module.eks.module.self_managed_node_group.module.user_data.data.cloudinit_config.al2023_eks_managed_node_group",
            "module.eks_gateway.module.eks.module.self_managed_node_group.module.user_data.data.cloudinit_config.linux_eks_managed_node_group",
            "module.eks_gateway.module.eks.module.self_managed_node_group.module.user_data.null_resource.validate_cluster_service_cidr",
            "module.eks_gateway.module.eks.time_sleep.this",
            "module.vpc_gateway.aws_subnet.private",
            "module.vpc_gateway.aws_vpc.vpc",
            "module.vpc_gateway.data.aws_availability_zones.azs"
          ]
        },
        {
          "index_key": "eks-pod-identity-agent",
          "schema_version": 0,
          "attributes": {
            "addon_name": "eks-pod-identity-agent",
            "addon_version": "v1.3.9-eksbuild.5",
            "arn": "arn:aws:eks:us-west-2:721500739616:addon/eks-gateway/eks-pod-identity-agent/36cd4b08-4378-3ccd-bbd3-55099fb768dc",
            "cluster_name": "eks-gateway",
            "configuration_values": "",
            "created_at": "2025-11-18T08:24:17Z",
            "id": "eks-gateway:eks-pod-identity-agent",
            "modified_at": "2025-11-18T08:24:32Z",
            "pod_identity_association": [],
            "preserve": true,
            "resolve_conflicts": null,
            "resolve_conflicts_on_create": "OVERWRITE",
            "resolve_conflicts_on_update": "OVERWRITE",
            "service_account_role_arn": "",
            "tags": {
              "Env": "dev",
              "Project": "multi-vpc-eks"
            },
            "tags_all": {
              "Env": "dev",
              "Project": "multi-vpc-eks"
            },
            "timeouts": {
              "create": null,
              "delete": null,
              "update": null
            }
          },
          "sensitive_attributes": [],
          "identity_schema_version": 0,
          "private": "eyJlMmJmYjczMC1lY2FhLTExZTYtOGY4OC0zNDM2M2JjN2M0YzAiOnsiY3JlYXRlIjoxMjAwMDAwMDAwMDAwLCJkZWxldGUiOjI0MDAwMDAwMDAwMDAsInVwZGF0ZSI6MTIwMDAwMDAwMDAwMH19",
          "dependencies": [
            "module.eks_gateway.module.eks.aws_cloudwatch_log_group.this",
            "module.eks_gateway.module.eks.aws_eks_cluster.this",
            "module.eks_gateway.module.eks.aws_iam_policy.cni_ipv6_policy",
            "module.eks_gateway.module.eks.aws_iam_role.eks_auto",
            "module.eks_gateway.module.eks.aws_iam_role.this",
            "module.eks_gateway.module.eks.aws_iam_role_policy_attachment.this",
            "module.eks_gateway.module.eks.aws_security_group.cluster",
            "module.eks_gateway.module.eks.aws_security_group.node",
            "module.eks_gateway.module.eks.aws_security_group_rule.cluster",
            "module.eks_gateway.module.eks.aws_security_group_rule.node",
            "module.eks_gateway.module.eks.data.aws_caller_identity.current",
            "module.eks_gateway.module.eks.data.aws_eks_addon_version.this",
            "module.eks_gateway.module.eks.data.aws_iam_policy_document.assume_role_policy",
            "module.eks_gateway.module.eks.data.aws_iam_policy_document.cni_ipv6_policy",
            "module.eks_gateway.module.eks.data.aws_iam_policy_document.node_assume_role_policy",
            "module.eks_gateway.module.eks.data.aws_iam_session_context.current",
            "module.eks_gateway.module.eks.data.aws_partition.current",
            "module.eks_gateway.module.eks.module.eks_managed_node_group.aws_autoscaling_schedule.this",
            "module.eks_gateway.module.eks.module.eks_managed_node_group.aws_eks_node_group.this",
            "module.eks_gateway.module.eks.module.eks_managed_node_group.aws_iam_role.this",
            "module.eks_gateway.module.eks.module.eks_managed_node_group.aws_iam_role_policy.this",
            "module.eks_gateway.module.eks.module.eks_managed_node_group.aws_iam_role_policy_attachment.additional",
            "module.eks_gateway.module.eks.module.eks_managed_node_group.aws_iam_role_policy_attachment.this",
            "module.eks_gateway.module.eks.module.eks_managed_node_group.aws_launch_template.this",
            "module.eks_gateway.module.eks.module.eks_managed_node_group.aws_placement_group.this",
            "module.eks_gateway.module.eks.module.eks_managed_node_group.data.aws_caller_identity.current",
            "module.eks_gateway.module.eks.module.eks_managed_node_group.data.aws_ec2_instance_type.this",
            "module.eks_gateway.module.eks.module.eks_managed_node_group.data.aws_ec2_instance_type_offerings.this",
            "module.eks_gateway.module.eks.module.eks_managed_node_group.data.aws_iam_policy_document.assume_role_policy",
            "module.eks_gateway.module.eks.module.eks_managed_node_group.data.aws_iam_policy_document.role",
            "module.eks_gateway.module.eks.module.eks_managed_node_group.data.aws_partition.current",
            "module.eks_gateway.module.eks.module.eks_managed_node_group.data.aws_ssm_parameter.ami",
            "module.eks_gateway.module.eks.module.eks_managed_node_group.data.aws_subnets.placement_group",
            "module.eks_gateway.module.eks.module.eks_managed_node_group.module.user_data.data.cloudinit_config.al2023_eks_managed_node_group",
            "module.eks_gateway.module.eks.module.eks_managed_node_group.module.user_data.data.cloudinit_config.linux_eks_managed_node_group",
            "module.eks_gateway.module.eks.module.eks_managed_node_group.module.user_data.null_resource.validate_cluster_service_cidr",
            "module.eks_gateway.module.eks.module.fargate_profile.aws_eks_fargate_profile.this",
            "module.eks_gateway.module.eks.module.fargate_profile.aws_iam_role.this",
            "module.eks_gateway.module.eks.module.fargate_profile.aws_iam_role_policy.this",
            "module.eks_gateway.module.eks.module.fargate_profile.aws_iam_role_policy_attachment.additional",
            "module.eks_gateway.module.eks.module.fargate_profile.aws_iam_role_policy_attachment.this",
            "module.eks_gateway.module.eks.module.fargate_profile.data.aws_caller_identity.current",
            "module.eks_gateway.module.eks.module.fargate_profile.data.aws_iam_policy_document.assume_role_policy",
            "module.eks_gateway.module.eks.module.fargate_profile.data.aws_iam_policy_document.role",
            "module.eks_gateway.module.eks.module.fargate_profile.data.aws_partition.current",
            "module.eks_gateway.module.eks.module.fargate_profile.data.aws_region.current",
            "module.eks_gateway.module.eks.module.kms.aws_kms_external_key.this",
            "module.eks_gateway.module.eks.module.kms.aws_kms_key.this",
            "module.eks_gateway.module.eks.module.kms.aws_kms_replica_external_key.this",
            "module.eks_gateway.module.eks.module.kms.aws_kms_replica_key.this",
            "module.eks_gateway.module.eks.module.kms.data.aws_caller_identity.current",
            "module.eks_gateway.module.eks.module.kms.data.aws_iam_policy_document.this",
            "module.eks_gateway.module.eks.module.kms.data.aws_partition.current",
            "module.eks_gateway.module.eks.module.self_managed_node_group.aws_autoscaling_group.this",
            "module.eks_gateway.module.eks.module.self_managed_node_group.aws_autoscaling_schedule.this",
            "module.eks_gateway.module.eks.module.self_managed_node_group.aws_eks_access_entry.this",
            "module.eks_gateway.module.eks.module.self_managed_node_group.aws_iam_instance_profile.this",
            "module.eks_gateway.module.eks.module.self_managed_node_group.aws_iam_role.this",
            "module.eks_gateway.module.eks.module.self_managed_node_group.aws_iam_role_policy.this",
            "module.eks_gateway.module.eks.module.self_managed_node_group.aws_iam_role_policy_attachment.additional",
            "module.eks_gateway.module.eks.module.self_managed_node_group.aws_iam_role_policy_attachment.this",
            "module.eks_gateway.module.eks.module.self_managed_node_group.aws_launch_template.this",
            "module.eks_gateway.module.eks.module.self_managed_node_group.aws_placement_group.this",
            "module.eks_gateway.module.eks.module.self_managed_node_group.data.aws_caller_identity.current",
            "module.eks_gateway.module.eks.module.self_managed_node_group.data.aws_ec2_instance_type.this",
            "module.eks_gateway.module.eks.module.self_managed_node_group.data.aws_ec2_instance_type_offerings.this",
            "module.eks_gateway.module.eks.module.self_managed_node_group.data.aws_iam_policy_document.assume_role_policy",
            "module.eks_gateway.module.eks.module.self_managed_node_group.data.aws_iam_policy_document.role",
            "module.eks_gateway.module.eks.module.self_managed_node_group.data.aws_partition.current",
            "module.eks_gateway.module.eks.module.self_managed_node_group.data.aws_ssm_parameter.ami",
            "module.eks_gateway.module.eks.module.self_managed_node_group.data.aws_subnets.placement_group",
            "module.eks_gateway.module.eks.module.self_managed_node_group.module.user_data.data.cloudinit_config.al2023_eks_managed_node_group",
            "module.eks_gateway.module.eks.module.self_managed_node_group.module.user_data.data.cloudinit_config.linux_eks_managed_node_group",
            "module.eks_gateway.module.eks.module.self_managed_node_group.module.user_data.null_resource.validate_cluster_service_cidr",
            "module.eks_gateway.module.eks.time_sleep.this",
            "module.vpc_gateway.aws_subnet.private",
            "module.vpc_gateway.aws_vpc.vpc",
            "module.vpc_gateway.data.aws_availability_zones.azs"
          ]
        },
        {
          "index_key": "kube-proxy",
          "schema_version": 0,
          "attributes": {
            "addon_name": "kube-proxy",
            "addon_version": "v1.32.9-eksbuild.2",
            "arn": "arn:aws:eks:us-west-2:721500739616:addon/eks-gateway/kube-proxy/6acd4b08-4378-9bd9-dd65-a88c587fd07f",
            "cluster_name": "eks-gateway",
            "configuration_values": "",
            "created_at": "2025-11-18T08:24:17Z",
            "id": "eks-gateway:kube-proxy",
            "modified_at": "2025-11-18T08:24:32Z",
            "pod_identity_association": [],
            "preserve": true,
            "resolve_conflicts": null,
            "resolve_conflicts_on_create": "OVERWRITE",
            "resolve_conflicts_on_update": "OVERWRITE",
            "service_account_role_arn": "",
            "tags": {
              "Env": "dev",
              "Project": "multi-vpc-eks"
            },
            "tags_all": {
              "Env": "dev",
              "Project": "multi-vpc-eks"
            },
            "timeouts": {
              "create": null,
              "delete": null,
              "update": null
            }
          },
          "sensitive_attributes": [],
          "identity_schema_version": 0,
          "private": "eyJlMmJmYjczMC1lY2FhLTExZTYtOGY4OC0zNDM2M2JjN2M0YzAiOnsiY3JlYXRlIjoxMjAwMDAwMDAwMDAwLCJkZWxldGUiOjI0MDAwMDAwMDAwMDAsInVwZGF0ZSI6MTIwMDAwMDAwMDAwMH19",
          "dependencies": [
            "module.eks_gateway.module.eks.aws_cloudwatch_log_group.this",
            "module.eks_gateway.module.eks.aws_eks_cluster.this",
            "module.eks_gateway.module.eks.aws_iam_policy.cni_ipv6_policy",
            "module.eks_gateway.module.eks.aws_iam_role.eks_auto",
            "module.eks_gateway.module.eks.aws_iam_role.this",
            "module.eks_gateway.module.eks.aws_iam_role_policy_attachment.this",
            "module.eks_gateway.module.eks.aws_security_group.cluster",
            "module.eks_gateway.module.eks.aws_security_group.node",
            "module.eks_gateway.module.eks.aws_security_group_rule.cluster",
            "module.eks_gateway.module.eks.aws_security_group_rule.node",
            "module.eks_gateway.module.eks.data.aws_caller_identity.current",
            "module.eks_gateway.module.eks.data.aws_eks_addon_version.this",
            "module.eks_gateway.module.eks.data.aws_iam_policy_document.assume_role_policy",
            "module.eks_gateway.module.eks.data.aws_iam_policy_document.cni_ipv6_policy",
            "module.eks_gateway.module.eks.data.aws_iam_policy_document.node_assume_role_policy",
            "module.eks_gateway.module.eks.data.aws_iam_session_context.current",
            "module.eks_gateway.module.eks.data.aws_partition.current",
            "module.eks_gateway.module.eks.module.eks_managed_node_group.aws_autoscaling_schedule.this",
            "module.eks_gateway.module.eks.module.eks_managed_node_group.aws_eks_node_group.this",
            "module.eks_gateway.module.eks.module.eks_managed_node_group.aws_iam_role.this",
            "module.eks_gateway.module.eks.module.eks_managed_node_group.aws_iam_role_policy.this",
            "module.eks_gateway.module.eks.module.eks_managed_node_group.aws_iam_role_policy_attachment.additional",
            "module.eks_gateway.module.eks.module.eks_managed_node_group.aws_iam_role_policy_attachment.this",
            "module.eks_gateway.module.eks.module.eks_managed_node_group.aws_launch_template.this",
            "module.eks_gateway.module.eks.module.eks_managed_node_group.aws_placement_group.this",
            "module.eks_gateway.module.eks.module.eks_managed_node_group.data.aws_caller_identity.current",
            "module.eks_gateway.module.eks.module.eks_managed_node_group.data.aws_ec2_instance_type.this",
            "module.eks_gateway.module.eks.module.eks_managed_node_group.data.aws_ec2_instance_type_offerings.this",
            "module.eks_gateway.module.eks.module.eks_managed_node_group.data.aws_iam_policy_document.assume_role_policy",
            "module.eks_gateway.module.eks.module.eks_managed_node_group.data.aws_iam_policy_document.role",
            "module.eks_gateway.module.eks.module.eks_managed_node_group.data.aws_partition.current",
            "module.eks_gateway.module.eks.module.eks_managed_node_group.data.aws_ssm_parameter.ami",
            "module.eks_gateway.module.eks.module.eks_managed_node_group.data.aws_subnets.placement_group",
            "module.eks_gateway.module.eks.module.eks_managed_node_group.module.user_data.data.cloudinit_config.al2023_eks_managed_node_group",
            "module.eks_gateway.module.eks.module.eks_managed_node_group.module.user_data.data.cloudinit_config.linux_eks_managed_node_group",
            "module.eks_gateway.module.eks.module.eks_managed_node_group.module.user_data.null_resource.validate_cluster_service_cidr",
            "module.eks_gateway.module.eks.module.fargate_profile.aws_eks_fargate_profile.this",
            "module.eks_gateway.module.eks.module.fargate_profile.aws_iam_role.this",
            "module.eks_gateway.module.eks.module.fargate_profile.aws_iam_role_policy.this",
            "module.eks_gateway.module.eks.module.fargate_profile.aws_iam_role_policy_attachment.additional",
            "module.eks_gateway.module.eks.module.fargate_profile.aws_iam_role_policy_attachment.this",
            "module.eks_gateway.module.eks.module.fargate_profile.data.aws_caller_identity.current",
            "module.eks_gateway.module.eks.module.fargate_profile.data.aws_iam_policy_document.assume_role_policy",
            "module.eks_gateway.module.eks.module.fargate_profile.data.aws_iam_policy_document.role",
            "module.eks_gateway.module.eks.module.fargate_profile.data.aws_partition.current",
            "module.eks_gateway.module.eks.module.fargate_profile.data.aws_region.current",
            "module.eks_gateway.module.eks.module.kms.aws_kms_external_key.this",
            "module.eks_gateway.module.eks.module.kms.aws_kms_key.this",
            "module.eks_gateway.module.eks.module.kms.aws_kms_replica_external_key.this",
            "module.eks_gateway.module.eks.module.kms.aws_kms_replica_key.this",
            "module.eks_gateway.module.eks.module.kms.data.aws_caller_identity.current",
            "module.eks_gateway.module.eks.module.kms.data.aws_iam_policy_document.this",
            "module.eks_gateway.module.eks.module.kms.data.aws_partition.current",
            "module.eks_gateway.module.eks.module.self_managed_node_group.aws_autoscaling_group.this",
            "module.eks_gateway.module.eks.module.self_managed_node_group.aws_autoscaling_schedule.this",
            "module.eks_gateway.module.eks.module.self_managed_node_group.aws_eks_access_entry.this",
            "module.eks_gateway.module.eks.module.self_managed_node_group.aws_iam_instance_profile.this",
            "module.eks_gateway.module.eks.module.self_managed_node_group.aws_iam_role.this",
            "module.eks_gateway.module.eks.module.self_managed_node_group.aws_iam_role_policy.this",
            "module.eks_gateway.module.eks.module.self_managed_node_group.aws_iam_role_policy_attachment.additional",
            "module.eks_gateway.module.eks.module.self_managed_node_group.aws_iam_role_policy_attachment.this",
            "module.eks_gateway.module.eks.module.self_managed_node_group.aws_launch_template.this",
            "module.eks_gateway.module.eks.module.self_managed_node_group.aws_placement_group.this",
            "module.eks_gateway.module.eks.module.self_managed_node_group.data.aws_caller_identity.current",
            "module.eks_gateway.module.eks.module.self_managed_node_group.data.aws_ec2_instance_type.this",
            "module.eks_gateway.module.eks.module.self_managed_node_group.data.aws_ec2_instance_type_offerings.this",
            "module.eks_gateway.module.eks.module.self_managed_node_group.data.aws_iam_policy_document.assume_role_policy",
            "module.eks_gateway.module.eks.module.self_managed_node_group.data.aws_iam_policy_document.role",
            "module.eks_gateway.module.eks.module.self_managed_node_group.data.aws_partition.current",
            "module.eks_gateway.module.eks.module.self_managed_node_group.data.aws_ssm_parameter.ami",
            "module.eks_gateway.module.eks.module.self_managed_node_group.data.aws_subnets.placement_group",
            "module.eks_gateway.module.eks.module.self_managed_node_group.module.user_data.data.cloudinit_config.al2023_eks_managed_node_group",
            "module.eks_gateway.module.eks.module.self_managed_node_group.module.user_data.data.cloudinit_config.linux_eks_managed_node_group",
            "module.eks_gateway.module.eks.module.self_managed_node_group.module.user_data.null_resource.validate_cluster_service_cidr",
            "module.eks_gateway.module.eks.time_sleep.this",
            "module.vpc_gateway.aws_subnet.private",
            "module.vpc_gateway.aws_vpc.vpc",
            "module.vpc_gateway.data.aws_availability_zones.azs"
          ]
        },
        {
          "index_key": "vpc-cni",
          "schema_version": 0,
          "attributes": {
            "addon_name": "vpc-cni",
            "addon_version": "v1.20.4-eksbuild.1",
            "arn": "arn:aws:eks:us-west-2:721500739616:addon/eks-gateway/vpc-cni/60cd4b08-4378-26ae-cd99-0da35df292bd",
            "cluster_name": "eks-gateway",
            "configuration_values": "",
            "created_at": "2025-11-18T08:24:17Z",
            "id": "eks-gateway:vpc-cni",
            "modified_at": "2025-11-18T08:24:44Z",
            "pod_identity_association": [],
            "preserve": true,
            "resolve_conflicts": null,
            "resolve_conflicts_on_create": "OVERWRITE",
            "resolve_conflicts_on_update": "OVERWRITE",
            "service_account_role_arn": "",
            "tags": {
              "Env": "dev",
              "Project": "multi-vpc-eks"
            },
            "tags_all": {
              "Env": "dev",
              "Project": "multi-vpc-eks"
            },
            "timeouts": {
              "create": null,
              "delete": null,
              "update": null
            }
          },
          "sensitive_attributes": [],
          "identity_schema_version": 0,
          "private": "eyJlMmJmYjczMC1lY2FhLTExZTYtOGY4OC0zNDM2M2JjN2M0YzAiOnsiY3JlYXRlIjoxMjAwMDAwMDAwMDAwLCJkZWxldGUiOjI0MDAwMDAwMDAwMDAsInVwZGF0ZSI6MTIwMDAwMDAwMDAwMH19",
          "dependencies": [
            "module.eks_gateway.module.eks.aws_cloudwatch_log_group.this",
            "module.eks_gateway.module.eks.aws_eks_cluster.this",
            "module.eks_gateway.module.eks.aws_iam_policy.cni_ipv6_policy",
            "module.eks_gateway.module.eks.aws_iam_role.eks_auto",
            "module.eks_gateway.module.eks.aws_iam_role.this",
            "module.eks_gateway.module.eks.aws_iam_role_policy_attachment.this",
            "module.eks_gateway.module.eks.aws_security_group.cluster",
            "module.eks_gateway.module.eks.aws_security_group.node",
            "module.eks_gateway.module.eks.aws_security_group_rule.cluster",
            "module.eks_gateway.module.eks.aws_security_group_rule.node",
            "module.eks_gateway.module.eks.data.aws_caller_identity.current",
            "module.eks_gateway.module.eks.data.aws_eks_addon_version.this",
            "module.eks_gateway.module.eks.data.aws_iam_policy_document.assume_role_policy",
            "module.eks_gateway.module.eks.data.aws_iam_policy_document.cni_ipv6_policy",
            "module.eks_gateway.module.eks.data.aws_iam_policy_document.node_assume_role_policy",
            "module.eks_gateway.module.eks.data.aws_iam_session_context.current",
            "module.eks_gateway.module.eks.data.aws_partition.current",
            "module.eks_gateway.module.eks.module.eks_managed_node_group.aws_autoscaling_schedule.this",
            "module.eks_gateway.module.eks.module.eks_managed_node_group.aws_eks_node_group.this",
            "module.eks_gateway.module.eks.module.eks_managed_node_group.aws_iam_role.this",
            "module.eks_gateway.module.eks.module.eks_managed_node_group.aws_iam_role_policy.this",
            "module.eks_gateway.module.eks.module.eks_managed_node_group.aws_iam_role_policy_attachment.additional",
            "module.eks_gateway.module.eks.module.eks_managed_node_group.aws_iam_role_policy_attachment.this",
            "module.eks_gateway.module.eks.module.eks_managed_node_group.aws_launch_template.this",
            "module.eks_gateway.module.eks.module.eks_managed_node_group.aws_placement_group.this",
            "module.eks_gateway.module.eks.module.eks_managed_node_group.data.aws_caller_identity.current",
            "module.eks_gateway.module.eks.module.eks_managed_node_group.data.aws_ec2_instance_type.this",
            "module.eks_gateway.module.eks.module.eks_managed_node_group.data.aws_ec2_instance_type_offerings.this",
            "module.eks_gateway.module.eks.module.eks_managed_node_group.data.aws_iam_policy_document.assume_role_policy",
            "module.eks_gateway.module.eks.module.eks_managed_node_group.data.aws_iam_policy_document.role",
            "module.eks_gateway.module.eks.module.eks_managed_node_group.data.aws_partition.current",
            "module.eks_gateway.module.eks.module.eks_managed_node_group.data.aws_ssm_parameter.ami",
            "module.eks_gateway.module.eks.module.eks_managed_node_group.data.aws_subnets.placement_group",
            "module.eks_gateway.module.eks.module.eks_managed_node_group.module.user_data.data.cloudinit_config.al2023_eks_managed_node_group",
            "module.eks_gateway.module.eks.module.eks_managed_node_group.module.user_data.data.cloudinit_config.linux_eks_managed_node_group",
            "module.eks_gateway.module.eks.module.eks_managed_node_group.module.user_data.null_resource.validate_cluster_service_cidr",
            "module.eks_gateway.module.eks.module.fargate_profile.aws_eks_fargate_profile.this",
            "module.eks_gateway.module.eks.module.fargate_profile.aws_iam_role.this",
            "module.eks_gateway.module.eks.module.fargate_profile.aws_iam_role_policy.this",
            "module.eks_gateway.module.eks.module.fargate_profile.aws_iam_role_policy_attachment.additional",
            "module.eks_gateway.module.eks.module.fargate_profile.aws_iam_role_policy_attachment.this",
            "module.eks_gateway.module.eks.module.fargate_profile.data.aws_caller_identity.current",
            "module.eks_gateway.module.eks.module.fargate_profile.data.aws_iam_policy_document.assume_role_policy",
            "module.eks_gateway.module.eks.module.fargate_profile.data.aws_iam_policy_document.role",
            "module.eks_gateway.module.eks.module.fargate_profile.data.aws_partition.current",
            "module.eks_gateway.module.eks.module.fargate_profile.data.aws_region.current",
            "module.eks_gateway.module.eks.module.kms.aws_kms_external_key.this",
            "module.eks_gateway.module.eks.module.kms.aws_kms_key.this",
            "module.eks_gateway.module.eks.module.kms.aws_kms_replica_external_key.this",
            "module.eks_gateway.module.eks.module.kms.aws_kms_replica_key.this",
            "module.eks_gateway.module.eks.module.kms.data.aws_caller_identity.current",
            "module.eks_gateway.module.eks.module.kms.data.aws_iam_policy_document.this",
            "module.eks_gateway.module.eks.module.kms.data.aws_partition.current",
            "module.eks_gateway.module.eks.module.self_managed_node_group.aws_autoscaling_group.this",
            "module.eks_gateway.module.eks.module.self_managed_node_group.aws_autoscaling_schedule.this",
            "module.eks_gateway.module.eks.module.self_managed_node_group.aws_eks_access_entry.this",
            "module.eks_gateway.module.eks.module.self_managed_node_group.aws_iam_instance_profile.this",
            "module.eks_gateway.module.eks.module.self_managed_node_group.aws_iam_role.this",
            "module.eks_gateway.module.eks.module.self_managed_node_group.aws_iam_role_policy.this",
            "module.eks_gateway.module.eks.module.self_managed_node_group.aws_iam_role_policy_attachment.additional",
            "module.eks_gateway.module.eks.module.self_managed_node_group.aws_iam_role_policy_attachment.this",
            "module.eks_gateway.module.eks.module.self_managed_node_group.aws_launch_template.this",
            "module.eks_gateway.module.eks.module.self_managed_node_group.aws_placement_group.this",
            "module.eks_gateway.module.eks.module.self_managed_node_group.data.aws_caller_identity.current",
            "module.eks_gateway.module.eks.module.self_managed_node_group.data.aws_ec2_instance_type.this",
            "module.eks_gateway.module.eks.module.self_managed_node_group.data.aws_ec2_instance_type_offerings.this",
            "module.eks_gateway.module.eks.module.self_managed_node_group.data.aws_iam_policy_document.assume_role_policy",
            "module.eks_gateway.module.eks.module.self_managed_node_group.data.aws_iam_policy_document.role",
            "module.eks_gateway.module.eks.module.self_managed_node_group.data.aws_partition.current",
            "module.eks_gateway.module.eks.module.self_managed_node_group.data.aws_ssm_parameter.ami",
            "module.eks_gateway.module.eks.module.self_managed_node_group.data.aws_subnets.placement_group",
            "module.eks_gateway.module.eks.module.self_managed_node_group.module.user_data.data.cloudinit_config.al2023_eks_managed_node_group",
            "module.eks_gateway.module.eks.module.self_managed_node_group.module.user_data.data.cloudinit_config.linux_eks_managed_node_group",
            "module.eks_gateway.module.eks.module.self_managed_node_group.module.user_data.null_resource.validate_cluster_service_cidr",
            "module.eks_gateway.module.eks.time_sleep.this",
            "module.vpc_gateway.aws_subnet.private",
            "module.vpc_gateway.aws_vpc.vpc",
            "module.vpc_gateway.data.aws_availability_zones.azs"
          ]
        }
      ]
    },
    {
      "module": "module.eks_gateway.module.eks",
      "mode": "managed",
      "type": "aws_eks_cluster",
      "name": "this",
      "provider": "provider[\"registry.terraform.io/hashicorp/aws\"]",
      "instances": [
        {
          "index_key": 0,
          "schema_version": 1,
          "attributes": {
            "access_config": [
              {
                "authentication_mode": "API_AND_CONFIG_MAP",
                "bootstrap_cluster_creator_admin_permissions": false
              }
            ],
            "arn": "arn:aws:eks:us-west-2:721500739616:cluster/eks-gateway",
            "bootstrap_self_managed_addons": true,
            "certificate_authority": [
              {
                "data": "LS0tLS1CRUdJTiBDRVJUSUZJQ0FURS0tLS0tCk1JSURCVENDQWUyZ0F3SUJBZ0lJRkpXOENxZkppZDh3RFFZSktvWklodmNOQVFFTEJRQXdGVEVUTUJFR0ExVUUKQXhNS2EzVmlaWEp1WlhSbGN6QWVGdzB5TlRFeE1UZ3dPREV5TXpOYUZ3MHpOVEV4TVRZd09ERTNNek5hTUJVeApFekFSQmdOVkJBTVRDbXQxWW1WeWJtVjBaWE13Z2dFaU1BMEdDU3FHU0liM0RRRUJBUVVBQTRJQkR3QXdnZ0VLCkFvSUJBUUQ0dE9WcXc2MDhnODUwK3B3dzk5dUZpVXRhclR4SWEzVm1TYXZGcnk1MmZjUko3cnFtMzlaYVJWTXkKZkpjbVowTTBMUEUvaEpVWTB5UXlrYUFYNGE5aWJYUzdXODBydnEyeDBxVHVzejBUQXNSRmFUcHBWZmcyWVVrSwovZFY0ME0vcjNzOTVsYlZoL0kvN1dmWVVzWFR6Z3ovb09jYmhLYzNjRzZ0YkZFeTNWY0hJRE9KMkMxNVdvNWRIClllOWNqQkVXZCtDczZzS3A5SGV1SGhydjE4c2FlQzhaSkZaWEpRZDl5ZnNLTUhYc1RvN0dvczNPVVlkOHg3Qm8KR29vUlI0dVJNbFNhYm5yQ1RGOHBCZmpsMzY5bzBLUWxiZ0JObGxwZkhrRUwwcm1FZHVkUXpxNWNuVHRXS3BCSAowdjh2aWIyOU5ENWdlWmQzMjNmRlVxNUwxd2xkQWdNQkFBR2pXVEJYTUE0R0ExVWREd0VCL3dRRUF3SUNwREFQCkJnTlZIUk1CQWY4RUJUQURBUUgvTUIwR0ExVWREZ1FXQkJRUFozUHAxRllpQXArOXN5ZlQ3eUpSQ1ZBY21UQVYKQmdOVkhSRUVEakFNZ2dwcmRXSmxjbTVsZEdWek1BMEdDU3FHU0liM0RRRUJDd1VBQTRJQkFRRHhXTmJqaVlRMwpSSFlxRGF1aXVaU1pWQkxLT2JuZW04VzF6enowM0tRRHN0UENydWNiaG1vSUlBeTkzc2tDUXZaQVluSFNGQlpBClkzdlViMnJ6cFA3RWI1U2ZsWnZBZkJFenAwS3grSUdDZEw3RHZaWVdaNDJYaTNVVzg5TjltR1dKcDdQcHJBem0KSVdjYkFuRTFVRFB1VmdudHJ5VnllVXZDK1Y2V1JlbVlEVHBTVlhyc0JjMlZ3MUhJREFIWVludEtiT1B1RmJFdApGU3BiTXRmN05CYjdvNTExUHFPNmNSVXJQWUE5dUVTMDBzUm5YUEVpcmNCRy9vU3F0di9hTFQ5R0NsbVIwWWxoCnRvc0VNRjN3ZnZiWE8vQ2JqaVpEajY0OWdXOVc4NWZSeWV1SFpmVXpvcGNuS3E3UDFNMnJ4Sjd4Y2lHVjV2M2EKQ0hOeU9RQnAzaWhxCi0tLS0tRU5EIENFUlRJRklDQVRFLS0tLS0K"
              }
            ],
            "cluster_id": null,
            "compute_config": [],
            "created_at": "2025-11-18T08:11:51Z",
            "enabled_cluster_log_types": [
              "api",
              "audit",
              "authenticator"
            ],
            "encryption_config": [],
            "endpoint": "https://722BC7E233015DC9C0AC1BAF3A016085.gr7.us-west-2.eks.amazonaws.com",
            "force_update_version": null,
            "id": "eks-gateway",
            "identity": [
              {
                "oidc": [
                  {
                    "issuer": "https://oidc.eks.us-west-2.amazonaws.com/id/722BC7E233015DC9C0AC1BAF3A016085"
                  }
                ]
              }
            ],
            "kubernetes_network_config": [
              {
                "elastic_load_balancing": [
                  {
                    "enabled": false
                  }
                ],
                "ip_family": "ipv4",
                "service_ipv4_cidr": "172.20.0.0/16",
                "service_ipv6_cidr": ""
              }
            ],
            "name": "eks-gateway",
            "outpost_config": [],
            "platform_version": "eks.30",
            "remote_network_config": [],
            "role_arn": "arn:aws:iam::721500739616:role/eks-gateway-eks-cluster-role",
            "status": "ACTIVE",
            "storage_config": [],
            "tags": {
              "Env": "dev",
              "Project": "multi-vpc-eks",
              "terraform-aws-modules": "eks"
            },
            "tags_all": {
              "Env": "dev",
              "Project": "multi-vpc-eks",
              "terraform-aws-modules": "eks"
            },
            "timeouts": {
              "create": null,
              "delete": null,
              "update": null
            },
            "upgrade_policy": [
              {
                "support_type": "EXTENDED"
              }
            ],
            "version": "1.32",
            "vpc_config": [
              {
                "cluster_security_group_id": "sg-0eeea59a3b12911b3",
                "endpoint_private_access": true,
                "endpoint_public_access": true,
                "public_access_cidrs": [
                  "0.0.0.0/0"
                ],
                "security_group_ids": [
                  "sg-062aeecf2e61dd6a5"
                ],
                "subnet_ids": [
                  "subnet-0e4e753ee050db38a",
                  "subnet-0fc7365ef79e86f34"
                ],
                "vpc_id": "vpc-090feb488bedbcb62"
              }
            ],
            "zonal_shift_config": []
          },
          "sensitive_attributes": [],
          "identity_schema_version": 0,
          "private": "eyJlMmJmYjczMC1lY2FhLTExZTYtOGY4OC0zNDM2M2JjN2M0YzAiOnsiY3JlYXRlIjoxODAwMDAwMDAwMDAwLCJkZWxldGUiOjkwMDAwMDAwMDAwMCwidXBkYXRlIjozNjAwMDAwMDAwMDAwfSwic2NoZW1hX3ZlcnNpb24iOiIxIn0=",
          "dependencies": [
            "module.eks_gateway.module.eks.aws_cloudwatch_log_group.this",
            "module.eks_gateway.module.eks.aws_iam_policy.cni_ipv6_policy",
            "module.eks_gateway.module.eks.aws_iam_role.eks_auto",
            "module.eks_gateway.module.eks.aws_iam_role.this",
            "module.eks_gateway.module.eks.aws_iam_role_policy_attachment.this",
            "module.eks_gateway.module.eks.aws_security_group.cluster",
            "module.eks_gateway.module.eks.aws_security_group.node",
            "module.eks_gateway.module.eks.aws_security_group_rule.cluster",
            "module.eks_gateway.module.eks.aws_security_group_rule.node",
            "module.eks_gateway.module.eks.data.aws_caller_identity.current",
            "module.eks_gateway.module.eks.data.aws_iam_policy_document.assume_role_policy",
            "module.eks_gateway.module.eks.data.aws_iam_policy_document.cni_ipv6_policy",
            "module.eks_gateway.module.eks.data.aws_iam_policy_document.node_assume_role_policy",
            "module.eks_gateway.module.eks.data.aws_iam_session_context.current",
            "module.eks_gateway.module.eks.data.aws_partition.current",
            "module.eks_gateway.module.eks.module.kms.aws_kms_external_key.this",
            "module.eks_gateway.module.eks.module.kms.aws_kms_key.this",
            "module.eks_gateway.module.eks.module.kms.aws_kms_replica_external_key.this",
            "module.eks_gateway.module.eks.module.kms.aws_kms_replica_key.this",
            "module.eks_gateway.module.eks.module.kms.data.aws_caller_identity.current",
            "module.eks_gateway.module.eks.module.kms.data.aws_iam_policy_document.this",
            "module.eks_gateway.module.eks.module.kms.data.aws_partition.current",
            "module.vpc_gateway.aws_subnet.private",
            "module.vpc_gateway.aws_vpc.vpc",
            "module.vpc_gateway.data.aws_availability_zones.azs"
          ],
          "create_before_destroy": true
        }
      ]
    },
    {
      "module": "module.eks_gateway.module.eks",
      "mode": "managed",
      "type": "aws_security_group",
      "name": "cluster",
      "provider": "provider[\"registry.terraform.io/hashicorp/aws\"]",
      "instances": [
        {
          "index_key": 0,
          "schema_version": 1,
          "attributes": {
            "arn": "arn:aws:ec2:us-west-2:721500739616:security-group/sg-062aeecf2e61dd6a5",
            "description": "EKS cluster security group",
            "egress": [],
            "id": "sg-062aeecf2e61dd6a5",
            "ingress": [
              {
                "cidr_blocks": [],
                "description": "Node groups to cluster API",
                "from_port": 443,
                "ipv6_cidr_blocks": [],
                "prefix_list_ids": [],
                "protocol": "tcp",
                "security_groups": [
                  "sg-0e90fc015bc08c1e7"
                ],
                "self": false,
                "to_port": 443
              }
            ],
            "name": "eks-gateway-cluster-20251118071104507000000001",
            "name_prefix": "eks-gateway-cluster-",
            "owner_id": "721500739616",
            "revoke_rules_on_delete": false,
            "tags": {
              "Env": "dev",
              "Name": "eks-gateway-cluster",
              "Project": "multi-vpc-eks"
            },
            "tags_all": {
              "Env": "dev",
              "Name": "eks-gateway-cluster",
              "Project": "multi-vpc-eks"
            },
            "timeouts": null,
            "vpc_id": "vpc-090feb488bedbcb62"
          },
          "sensitive_attributes": [],
          "identity_schema_version": 0,
          "private": "eyJlMmJmYjczMC1lY2FhLTExZTYtOGY4OC0zNDM2M2JjN2M0YzAiOnsiY3JlYXRlIjo2MDAwMDAwMDAwMDAsImRlbGV0ZSI6OTAwMDAwMDAwMDAwfSwic2NoZW1hX3ZlcnNpb24iOiIxIn0=",
          "dependencies": [
            "module.vpc_gateway.aws_vpc.vpc"
          ],
          "create_before_destroy": true
        }
      ]
    },
    {
      "module": "module.eks_gateway.module.eks",
      "mode": "managed",
      "type": "aws_security_group",
      "name": "node",
      "provider": "provider[\"registry.terraform.io/hashicorp/aws\"]",
      "instances": [
        {
          "index_key": 0,
          "schema_version": 1,
          "attributes": {
            "arn": "arn:aws:ec2:us-west-2:721500739616:security-group/sg-0e90fc015bc08c1e7",
            "description": "EKS node shared security group",
            "egress": [
              {
                "cidr_blocks": [
                  "0.0.0.0/0"
                ],
                "description": "Allow all egress",
                "from_port": 0,
                "ipv6_cidr_blocks": [],
                "prefix_list_ids": [],
                "protocol": "-1",
                "security_groups": [],
                "self": false,
                "to_port": 0
              }
            ],
            "id": "sg-0e90fc015bc08c1e7",
            "ingress": [
              {
                "cidr_blocks": [],
                "description": "Cluster API to node 4443/tcp webhook",
                "from_port": 4443,
                "ipv6_cidr_blocks": [],
                "prefix_list_ids": [],
                "protocol": "tcp",
                "security_groups": [
                  "sg-062aeecf2e61dd6a5"
                ],
                "self": false,
                "to_port": 4443
              },
              {
                "cidr_blocks": [],
                "description": "Cluster API to node 6443/tcp webhook",
                "from_port": 6443,
                "ipv6_cidr_blocks": [],
                "prefix_list_ids": [],
                "protocol": "tcp",
                "security_groups": [
                  "sg-062aeecf2e61dd6a5"
                ],
                "self": false,
                "to_port": 6443
              },
              {
                "cidr_blocks": [],
                "description": "Cluster API to node 8443/tcp webhook",
                "from_port": 8443,
                "ipv6_cidr_blocks": [],
                "prefix_list_ids": [],
                "protocol": "tcp",
                "security_groups": [
                  "sg-062aeecf2e61dd6a5"
                ],
                "self": false,
                "to_port": 8443
              },
              {
                "cidr_blocks": [],
                "description": "Cluster API to node 9443/tcp webhook",
                "from_port": 9443,
                "ipv6_cidr_blocks": [],
                "prefix_list_ids": [],
                "protocol": "tcp",
                "security_groups": [
                  "sg-062aeecf2e61dd6a5"
                ],
                "self": false,
                "to_port": 9443
              },
              {
                "cidr_blocks": [],
                "description": "Cluster API to node groups",
                "from_port": 443,
                "ipv6_cidr_blocks": [],
                "prefix_list_ids": [],
                "protocol": "tcp",
                "security_groups": [
                  "sg-062aeecf2e61dd6a5"
                ],
                "self": false,
                "to_port": 443
              },
              {
                "cidr_blocks": [],
                "description": "Cluster API to node kubelets",
                "from_port": 10250,
                "ipv6_cidr_blocks": [],
                "prefix_list_ids": [],
                "protocol": "tcp",
                "security_groups": [
                  "sg-062aeecf2e61dd6a5"
                ],
                "self": false,
                "to_port": 10250
              },
              {
                "cidr_blocks": [],
                "description": "Node to node CoreDNS UDP",
                "from_port": 53,
                "ipv6_cidr_blocks": [],
                "prefix_list_ids": [],
                "protocol": "udp",
                "security_groups": [],
                "self": true,
                "to_port": 53
              },
              {
                "cidr_blocks": [],
                "description": "Node to node CoreDNS",
                "from_port": 53,
                "ipv6_cidr_blocks": [],
                "prefix_list_ids": [],
                "protocol": "tcp",
                "security_groups": [],
                "self": true,
                "to_port": 53
              },
              {
                "cidr_blocks": [],
                "description": "Node to node ingress on ephemeral ports",
                "from_port": 1025,
                "ipv6_cidr_blocks": [],
                "prefix_list_ids": [],
                "protocol": "tcp",
                "security_groups": [],
                "self": true,
                "to_port": 65535
              }
            ],
            "name": "eks-gateway-node-20251118071104507200000002",
            "name_prefix": "eks-gateway-node-",
            "owner_id": "721500739616",
            "revoke_rules_on_delete": false,
            "tags": {
              "Env": "dev",
              "Name": "eks-gateway-node",
              "Project": "multi-vpc-eks",
              "kubernetes.io/cluster/eks-gateway": "owned"
            },
            "tags_all": {
              "Env": "dev",
              "Name": "eks-gateway-node",
              "Project": "multi-vpc-eks",
              "kubernetes.io/cluster/eks-gateway": "owned"
            },
            "timeouts": null,
            "vpc_id": "vpc-090feb488bedbcb62"
          },
          "sensitive_attributes": [],
          "identity_schema_version": 0,
          "private": "eyJlMmJmYjczMC1lY2FhLTExZTYtOGY4OC0zNDM2M2JjN2M0YzAiOnsiY3JlYXRlIjo2MDAwMDAwMDAwMDAsImRlbGV0ZSI6OTAwMDAwMDAwMDAwfSwic2NoZW1hX3ZlcnNpb24iOiIxIn0=",
          "dependencies": [
            "module.vpc_gateway.aws_vpc.vpc"
          ],
          "create_before_destroy": true
        }
      ]
    },
    {
      "module": "module.eks_gateway.module.eks",
      "mode": "managed",
      "type": "aws_security_group_rule",
      "name": "cluster",
      "provider": "provider[\"registry.terraform.io/hashicorp/aws\"]",
      "instances": [
        {
          "index_key": "ingress_nodes_443",
          "schema_version": 2,
          "attributes": {
            "cidr_blocks": null,
            "description": "Node groups to cluster API",
            "from_port": 443,
            "id": "sgrule-679507212",
            "ipv6_cidr_blocks": null,
            "prefix_list_ids": null,
            "protocol": "tcp",
            "security_group_id": "sg-062aeecf2e61dd6a5",
            "security_group_rule_id": "sgr-0ed840bcf4e1680fd",
            "self": false,
            "source_security_group_id": "sg-0e90fc015bc08c1e7",
            "timeouts": null,
            "to_port": 443,
            "type": "ingress"
          },
          "sensitive_attributes": [],
          "identity_schema_version": 0,
          "private": "eyJlMmJmYjczMC1lY2FhLTExZTYtOGY4OC0zNDM2M2JjN2M0YzAiOnsiY3JlYXRlIjozMDAwMDAwMDAwMDB9LCJzY2hlbWFfdmVyc2lvbiI6IjIifQ==",
          "dependencies": [
            "module.eks_gateway.module.eks.aws_security_group.cluster",
            "module.eks_gateway.module.eks.aws_security_group.node",
            "module.vpc_gateway.aws_vpc.vpc"
          ],
          "create_before_destroy": true
        }
      ]
    },
    {
      "module": "module.eks_gateway.module.eks",
      "mode": "managed",
      "type": "aws_security_group_rule",
      "name": "node",
      "provider": "provider[\"registry.terraform.io/hashicorp/aws\"]",
      "instances": [
        {
          "index_key": "egress_all",
          "schema_version": 2,
          "attributes": {
            "cidr_blocks": [
              "0.0.0.0/0"
            ],
            "description": "Allow all egress",
            "from_port": 0,
            "id": "sgrule-336596627",
            "ipv6_cidr_blocks": null,
            "prefix_list_ids": [],
            "protocol": "-1",
            "security_group_id": "sg-0e90fc015bc08c1e7",
            "security_group_rule_id": "sgr-00cb2e8f45bec648a",
            "self": false,
            "source_security_group_id": null,
            "timeouts": null,
            "to_port": 0,
            "type": "egress"
          },
          "sensitive_attributes": [],
          "identity_schema_version": 0,
          "private": "eyJlMmJmYjczMC1lY2FhLTExZTYtOGY4OC0zNDM2M2JjN2M0YzAiOnsiY3JlYXRlIjozMDAwMDAwMDAwMDB9LCJzY2hlbWFfdmVyc2lvbiI6IjIifQ==",
          "dependencies": [
            "module.eks_gateway.module.eks.aws_security_group.cluster",
            "module.eks_gateway.module.eks.aws_security_group.node",
            "module.vpc_gateway.aws_vpc.vpc"
          ],
          "create_before_destroy": true
        },
        {
          "index_key": "ingress_cluster_443",
          "schema_version": 2,
          "attributes": {
            "cidr_blocks": null,
            "description": "Cluster API to node groups",
            "from_port": 443,
            "id": "sgrule-3086067520",
            "ipv6_cidr_blocks": null,
            "prefix_list_ids": [],
            "protocol": "tcp",
            "security_group_id": "sg-0e90fc015bc08c1e7",
            "security_group_rule_id": "sgr-00d40c308f1d27f00",
            "self": false,
            "source_security_group_id": "sg-062aeecf2e61dd6a5",
            "timeouts": null,
            "to_port": 443,
            "type": "ingress"
          },
          "sensitive_attributes": [],
          "identity_schema_version": 0,
          "private": "eyJlMmJmYjczMC1lY2FhLTExZTYtOGY4OC0zNDM2M2JjN2M0YzAiOnsiY3JlYXRlIjozMDAwMDAwMDAwMDB9LCJzY2hlbWFfdmVyc2lvbiI6IjIifQ==",
          "dependencies": [
            "module.eks_gateway.module.eks.aws_security_group.cluster",
            "module.eks_gateway.module.eks.aws_security_group.node",
            "module.vpc_gateway.aws_vpc.vpc"
          ],
          "create_before_destroy": true
        },
        {
          "index_key": "ingress_cluster_4443_webhook",
          "schema_version": 2,
          "attributes": {
            "cidr_blocks": null,
            "description": "Cluster API to node 4443/tcp webhook",
            "from_port": 4443,
            "id": "sgrule-2620249719",
            "ipv6_cidr_blocks": null,
            "prefix_list_ids": [],
            "protocol": "tcp",
            "security_group_id": "sg-0e90fc015bc08c1e7",
            "security_group_rule_id": "sgr-0884feb6651e0657c",
            "self": false,
            "source_security_group_id": "sg-062aeecf2e61dd6a5",
            "timeouts": null,
            "to_port": 4443,
            "type": "ingress"
          },
          "sensitive_attributes": [],
          "identity_schema_version": 0,
          "private": "eyJlMmJmYjczMC1lY2FhLTExZTYtOGY4OC0zNDM2M2JjN2M0YzAiOnsiY3JlYXRlIjozMDAwMDAwMDAwMDB9LCJzY2hlbWFfdmVyc2lvbiI6IjIifQ==",
          "dependencies": [
            "module.eks_gateway.module.eks.aws_security_group.cluster",
            "module.eks_gateway.module.eks.aws_security_group.node",
            "module.vpc_gateway.aws_vpc.vpc"
          ],
          "create_before_destroy": true
        },
        {
          "index_key": "ingress_cluster_6443_webhook",
          "schema_version": 2,
          "attributes": {
            "cidr_blocks": null,
            "description": "Cluster API to node 6443/tcp webhook",
            "from_port": 6443,
            "id": "sgrule-1433383393",
            "ipv6_cidr_blocks": null,
            "prefix_list_ids": [],
            "protocol": "tcp",
            "security_group_id": "sg-0e90fc015bc08c1e7",
            "security_group_rule_id": "sgr-043ec65bffc387734",
            "self": false,
            "source_security_group_id": "sg-062aeecf2e61dd6a5",
            "timeouts": null,
            "to_port": 6443,
            "type": "ingress"
          },
          "sensitive_attributes": [],
          "identity_schema_version": 0,
          "private": "eyJlMmJmYjczMC1lY2FhLTExZTYtOGY4OC0zNDM2M2JjN2M0YzAiOnsiY3JlYXRlIjozMDAwMDAwMDAwMDB9LCJzY2hlbWFfdmVyc2lvbiI6IjIifQ==",
          "dependencies": [
            "module.eks_gateway.module.eks.aws_security_group.cluster",
            "module.eks_gateway.module.eks.aws_security_group.node",
            "module.vpc_gateway.aws_vpc.vpc"
          ],
          "create_before_destroy": true
        },
        {
          "index_key": "ingress_cluster_8443_webhook",
          "schema_version": 2,
          "attributes": {
            "cidr_blocks": null,
            "description": "Cluster API to node 8443/tcp webhook",
            "from_port": 8443,
            "id": "sgrule-1177783744",
            "ipv6_cidr_blocks": null,
            "prefix_list_ids": [],
            "protocol": "tcp",
            "security_group_id": "sg-0e90fc015bc08c1e7",
            "security_group_rule_id": "sgr-0baf04779500df7e9",
            "self": false,
            "source_security_group_id": "sg-062aeecf2e61dd6a5",
            "timeouts": null,
            "to_port": 8443,
            "type": "ingress"
          },
          "sensitive_attributes": [],
          "identity_schema_version": 0,
          "private": "eyJlMmJmYjczMC1lY2FhLTExZTYtOGY4OC0zNDM2M2JjN2M0YzAiOnsiY3JlYXRlIjozMDAwMDAwMDAwMDB9LCJzY2hlbWFfdmVyc2lvbiI6IjIifQ==",
          "dependencies": [
            "module.eks_gateway.module.eks.aws_security_group.cluster",
            "module.eks_gateway.module.eks.aws_security_group.node",
            "module.vpc_gateway.aws_vpc.vpc"
          ],
          "create_before_destroy": true
        },
        {
          "index_key": "ingress_cluster_9443_webhook",
          "schema_version": 2,
          "attributes": {
            "cidr_blocks": null,
            "description": "Cluster API to node 9443/tcp webhook",
            "from_port": 9443,
            "id": "sgrule-580042251",
            "ipv6_cidr_blocks": null,
            "prefix_list_ids": [],
            "protocol": "tcp",
            "security_group_id": "sg-0e90fc015bc08c1e7",
            "security_group_rule_id": "sgr-0c171fdc660e1b5db",
            "self": false,
            "source_security_group_id": "sg-062aeecf2e61dd6a5",
            "timeouts": null,
            "to_port": 9443,
            "type": "ingress"
          },
          "sensitive_attributes": [],
          "identity_schema_version": 0,
          "private": "eyJlMmJmYjczMC1lY2FhLTExZTYtOGY4OC0zNDM2M2JjN2M0YzAiOnsiY3JlYXRlIjozMDAwMDAwMDAwMDB9LCJzY2hlbWFfdmVyc2lvbiI6IjIifQ==",
          "dependencies": [
            "module.eks_gateway.module.eks.aws_security_group.cluster",
            "module.eks_gateway.module.eks.aws_security_group.node",
            "module.vpc_gateway.aws_vpc.vpc"
          ],
          "create_before_destroy": true
        },
        {
          "index_key": "ingress_cluster_kubelet",
          "schema_version": 2,
          "attributes": {
            "cidr_blocks": null,
            "description": "Cluster API to node kubelets",
            "from_port": 10250,
            "id": "sgrule-2421083067",
            "ipv6_cidr_blocks": null,
            "prefix_list_ids": [],
            "protocol": "tcp",
            "security_group_id": "sg-0e90fc015bc08c1e7",
            "security_group_rule_id": "sgr-0fb210c3c10b04c13",
            "self": false,
            "source_security_group_id": "sg-062aeecf2e61dd6a5",
            "timeouts": null,
            "to_port": 10250,
            "type": "ingress"
          },
          "sensitive_attributes": [],
          "identity_schema_version": 0,
          "private": "eyJlMmJmYjczMC1lY2FhLTExZTYtOGY4OC0zNDM2M2JjN2M0YzAiOnsiY3JlYXRlIjozMDAwMDAwMDAwMDB9LCJzY2hlbWFfdmVyc2lvbiI6IjIifQ==",
          "dependencies": [
            "module.eks_gateway.module.eks.aws_security_group.cluster",
            "module.eks_gateway.module.eks.aws_security_group.node",
            "module.vpc_gateway.aws_vpc.vpc"
          ],
          "create_before_destroy": true
        },
        {
          "index_key": "ingress_nodes_ephemeral",
          "schema_version": 2,
          "attributes": {
            "cidr_blocks": null,
            "description": "Node to node ingress on ephemeral ports",
            "from_port": 1025,
            "id": "sgrule-2315034378",
            "ipv6_cidr_blocks": null,
            "prefix_list_ids": [],
            "protocol": "tcp",
            "security_group_id": "sg-0e90fc015bc08c1e7",
            "security_group_rule_id": "sgr-0bad21463b2cb6d37",
            "self": true,
            "source_security_group_id": null,
            "timeouts": null,
            "to_port": 65535,
            "type": "ingress"
          },
          "sensitive_attributes": [],
          "identity_schema_version": 0,
          "private": "eyJlMmJmYjczMC1lY2FhLTExZTYtOGY4OC0zNDM2M2JjN2M0YzAiOnsiY3JlYXRlIjozMDAwMDAwMDAwMDB9LCJzY2hlbWFfdmVyc2lvbiI6IjIifQ==",
          "dependencies": [
            "module.eks_gateway.module.eks.aws_security_group.cluster",
            "module.eks_gateway.module.eks.aws_security_group.node",
            "module.vpc_gateway.aws_vpc.vpc"
          ],
          "create_before_destroy": true
        },
        {
          "index_key": "ingress_self_coredns_tcp",
          "schema_version": 2,
          "attributes": {
            "cidr_blocks": null,
            "description": "Node to node CoreDNS",
            "from_port": 53,
            "id": "sgrule-2559125584",
            "ipv6_cidr_blocks": null,
            "prefix_list_ids": [],
            "protocol": "tcp",
            "security_group_id": "sg-0e90fc015bc08c1e7",
            "security_group_rule_id": "sgr-0345f06f49c37fee5",
            "self": true,
            "source_security_group_id": null,
            "timeouts": null,
            "to_port": 53,
            "type": "ingress"
          },
          "sensitive_attributes": [],
          "identity_schema_version": 0,
          "private": "eyJlMmJmYjczMC1lY2FhLTExZTYtOGY4OC0zNDM2M2JjN2M0YzAiOnsiY3JlYXRlIjozMDAwMDAwMDAwMDB9LCJzY2hlbWFfdmVyc2lvbiI6IjIifQ==",
          "dependencies": [
            "module.eks_gateway.module.eks.aws_security_group.cluster",
            "module.eks_gateway.module.eks.aws_security_group.node",
            "module.vpc_gateway.aws_vpc.vpc"
          ],
          "create_before_destroy": true
        },
        {
          "index_key": "ingress_self_coredns_udp",
          "schema_version": 2,
          "attributes": {
            "cidr_blocks": null,
            "description": "Node to node CoreDNS UDP",
            "from_port": 53,
            "id": "sgrule-1020693439",
            "ipv6_cidr_blocks": null,
            "prefix_list_ids": [],
            "protocol": "udp",
            "security_group_id": "sg-0e90fc015bc08c1e7",
            "security_group_rule_id": "sgr-057ae21efb0d65c5d",
            "self": true,
            "source_security_group_id": null,
            "timeouts": null,
            "to_port": 53,
            "type": "ingress"
          },
          "sensitive_attributes": [],
          "identity_schema_version": 0,
          "private": "eyJlMmJmYjczMC1lY2FhLTExZTYtOGY4OC0zNDM2M2JjN2M0YzAiOnsiY3JlYXRlIjozMDAwMDAwMDAwMDB9LCJzY2hlbWFfdmVyc2lvbiI6IjIifQ==",
          "dependencies": [
            "module.eks_gateway.module.eks.aws_security_group.cluster",
            "module.eks_gateway.module.eks.aws_security_group.node",
            "module.vpc_gateway.aws_vpc.vpc"
          ],
          "create_before_destroy": true
        }
      ]
    },
    {
      "module": "module.eks_gateway.module.eks",
      "mode": "managed",
      "type": "time_sleep",
      "name": "this",
      "provider": "provider[\"registry.terraform.io/hashicorp/time\"]",
      "instances": [
        {
          "index_key": 0,
          "schema_version": 0,
          "attributes": {
            "create_duration": "30s",
            "destroy_duration": null,
            "id": "2025-11-18T08:22:24Z",
            "triggers": {
              "cluster_certificate_authority_data": "LS0tLS1CRUdJTiBDRVJUSUZJQ0FURS0tLS0tCk1JSURCVENDQWUyZ0F3SUJBZ0lJRkpXOENxZkppZDh3RFFZSktvWklodmNOQVFFTEJRQXdGVEVUTUJFR0ExVUUKQXhNS2EzVmlaWEp1WlhSbGN6QWVGdzB5TlRFeE1UZ3dPREV5TXpOYUZ3MHpOVEV4TVRZd09ERTNNek5hTUJVeApFekFSQmdOVkJBTVRDbXQxWW1WeWJtVjBaWE13Z2dFaU1BMEdDU3FHU0liM0RRRUJBUVVBQTRJQkR3QXdnZ0VLCkFvSUJBUUQ0dE9WcXc2MDhnODUwK3B3dzk5dUZpVXRhclR4SWEzVm1TYXZGcnk1MmZjUko3cnFtMzlaYVJWTXkKZkpjbVowTTBMUEUvaEpVWTB5UXlrYUFYNGE5aWJYUzdXODBydnEyeDBxVHVzejBUQXNSRmFUcHBWZmcyWVVrSwovZFY0ME0vcjNzOTVsYlZoL0kvN1dmWVVzWFR6Z3ovb09jYmhLYzNjRzZ0YkZFeTNWY0hJRE9KMkMxNVdvNWRIClllOWNqQkVXZCtDczZzS3A5SGV1SGhydjE4c2FlQzhaSkZaWEpRZDl5ZnNLTUhYc1RvN0dvczNPVVlkOHg3Qm8KR29vUlI0dVJNbFNhYm5yQ1RGOHBCZmpsMzY5bzBLUWxiZ0JObGxwZkhrRUwwcm1FZHVkUXpxNWNuVHRXS3BCSAowdjh2aWIyOU5ENWdlWmQzMjNmRlVxNUwxd2xkQWdNQkFBR2pXVEJYTUE0R0ExVWREd0VCL3dRRUF3SUNwREFQCkJnTlZIUk1CQWY4RUJUQURBUUgvTUIwR0ExVWREZ1FXQkJRUFozUHAxRllpQXArOXN5ZlQ3eUpSQ1ZBY21UQVYKQmdOVkhSRUVEakFNZ2dwcmRXSmxjbTVsZEdWek1BMEdDU3FHU0liM0RRRUJDd1VBQTRJQkFRRHhXTmJqaVlRMwpSSFlxRGF1aXVaU1pWQkxLT2JuZW04VzF6enowM0tRRHN0UENydWNiaG1vSUlBeTkzc2tDUXZaQVluSFNGQlpBClkzdlViMnJ6cFA3RWI1U2ZsWnZBZkJFenAwS3grSUdDZEw3RHZaWVdaNDJYaTNVVzg5TjltR1dKcDdQcHJBem0KSVdjYkFuRTFVRFB1VmdudHJ5VnllVXZDK1Y2V1JlbVlEVHBTVlhyc0JjMlZ3MUhJREFIWVludEtiT1B1RmJFdApGU3BiTXRmN05CYjdvNTExUHFPNmNSVXJQWUE5dUVTMDBzUm5YUEVpcmNCRy9vU3F0di9hTFQ5R0NsbVIwWWxoCnRvc0VNRjN3ZnZiWE8vQ2JqaVpEajY0OWdXOVc4NWZSeWV1SFpmVXpvcGNuS3E3UDFNMnJ4Sjd4Y2lHVjV2M2EKQ0hOeU9RQnAzaWhxCi0tLS0tRU5EIENFUlRJRklDQVRFLS0tLS0K",
              "cluster_endpoint": "https://722BC7E233015DC9C0AC1BAF3A016085.gr7.us-west-2.eks.amazonaws.com",
              "cluster_name": "eks-gateway",
              "cluster_service_cidr": "172.20.0.0/16",
              "cluster_version": "1.32"
            }
          },
          "sensitive_attributes": [],
          "identity_schema_version": 0,
          "dependencies": [
            "module.eks_gateway.module.eks.aws_cloudwatch_log_group.this",
            "module.eks_gateway.module.eks.aws_eks_cluster.this",
            "module.eks_gateway.module.eks.aws_iam_policy.cni_ipv6_policy",
            "module.eks_gateway.module.eks.aws_iam_role.eks_auto",
            "module.eks_gateway.module.eks.aws_iam_role.this",
            "module.eks_gateway.module.eks.aws_iam_role_policy_attachment.this",
            "module.eks_gateway.module.eks.aws_security_group.cluster",
            "module.eks_gateway.module.eks.aws_security_group.node",
            "module.eks_gateway.module.eks.aws_security_group_rule.cluster",
            "module.eks_gateway.module.eks.aws_security_group_rule.node",
            "module.eks_gateway.module.eks.data.aws_caller_identity.current",
            "module.eks_gateway.module.eks.data.aws_iam_policy_document.assume_role_policy",
            "module.eks_gateway.module.eks.data.aws_iam_policy_document.cni_ipv6_policy",
            "module.eks_gateway.module.eks.data.aws_iam_policy_document.node_assume_role_policy",
            "module.eks_gateway.module.eks.data.aws_iam_session_context.current",
            "module.eks_gateway.module.eks.data.aws_partition.current",
            "module.eks_gateway.module.eks.module.kms.aws_kms_external_key.this",
            "module.eks_gateway.module.eks.module.kms.aws_kms_key.this",
            "module.eks_gateway.module.eks.module.kms.aws_kms_replica_external_key.this",
            "module.eks_gateway.module.eks.module.kms.aws_kms_replica_key.this",
            "module.eks_gateway.module.eks.module.kms.data.aws_caller_identity.current",
            "module.eks_gateway.module.eks.module.kms.data.aws_iam_policy_document.this",
            "module.eks_gateway.module.eks.module.kms.data.aws_partition.current",
            "module.vpc_gateway.aws_subnet.private",
            "module.vpc_gateway.aws_vpc.vpc",
            "module.vpc_gateway.data.aws_availability_zones.azs"
          ],
          "create_before_destroy": true
        }
      ]
    },
    {
      "module": "module.eks_gateway.module.eks.module.eks_managed_node_group[\"default\"]",
      "mode": "data",
      "type": "aws_caller_identity",
      "name": "current",
      "provider": "provider[\"registry.terraform.io/hashicorp/aws\"]",
      "instances": [
        {
          "schema_version": 0,
          "attributes": {
            "account_id": "721500739616",
            "arn": "arn:aws:iam::721500739616:user/vijaykumarbirru22@gmail.com",
            "id": "721500739616",
            "user_id": "AIDA2P7GLTAQP3ZTUVUV4"
          },
          "sensitive_attributes": [],
          "identity_schema_version": 0
        }
      ]
    },
    {
      "module": "module.eks_gateway.module.eks.module.eks_managed_node_group[\"default\"]",
      "mode": "data",
      "type": "aws_partition",
      "name": "current",
      "provider": "provider[\"registry.terraform.io/hashicorp/aws\"]",
      "instances": [
        {
          "schema_version": 0,
          "attributes": {
            "dns_suffix": "amazonaws.com",
            "id": "aws",
            "partition": "aws",
            "reverse_dns_prefix": "com.amazonaws"
          },
          "sensitive_attributes": [],
          "identity_schema_version": 0
        }
      ]
    },
    {
      "module": "module.eks_gateway.module.eks.module.eks_managed_node_group[\"default\"]",
      "mode": "managed",
      "type": "aws_eks_node_group",
      "name": "this",
      "provider": "provider[\"registry.terraform.io/hashicorp/aws\"]",
      "instances": [
        {
          "index_key": 0,
          "schema_version": 0,
          "attributes": {
            "ami_type": "AL2023_x86_64_STANDARD",
            "arn": "arn:aws:eks:us-west-2:721500739616:nodegroup/eks-gateway/default-20251118082232404800000003/aacd4b07-77d9-b7b7-3d16-7e700cef0dce",
            "capacity_type": "ON_DEMAND",
            "cluster_name": "eks-gateway",
            "disk_size": 0,
            "force_update_version": null,
            "id": "eks-gateway:default-20251118082232404800000003",
            "instance_types": [
              "t3.small"
            ],
            "labels": {
              "role": "workers"
            },
            "launch_template": [
              {
                "id": "lt-044e0d2d2d9ebf9fd",
                "name": "default-20251118082224558000000001",
                "version": "1"
              }
            ],
            "node_group_name": "default-20251118082232404800000003",
            "node_group_name_prefix": "default-",
            "node_repair_config": [],
            "node_role_arn": "arn:aws:iam::721500739616:role/eks-gateway-eks-node-role",
            "release_version": "1.32.9-20251112",
            "remote_access": [],
            "resources": [
              {
                "autoscaling_groups": [
                  {
                    "name": "eks-default-20251118082232404800000003-aacd4b07-77d9-b7b7-3d16-7e700cef0dce"
                  }
                ],
                "remote_access_security_group_id": ""
              }
            ],
            "scaling_config": [
              {
                "desired_size": 2,
                "max_size": 4,
                "min_size": 1
              }
            ],
            "status": "ACTIVE",
            "subnet_ids": [
              "subnet-0e4e753ee050db38a",
              "subnet-0fc7365ef79e86f34"
            ],
            "tags": {
              "Env": "dev",
              "Name": "default",
              "Project": "multi-vpc-eks"
            },
            "tags_all": {
              "Env": "dev",
              "Name": "default",
              "Project": "multi-vpc-eks"
            },
            "taint": [],
            "timeouts": {
              "create": null,
              "delete": null,
              "update": null
            },
            "update_config": [
              {
                "max_unavailable": 1,
                "max_unavailable_percentage": 0
              }
            ],
            "version": "1.32"
          },
          "sensitive_attributes": [],
          "identity_schema_version": 0,
          "private": "eyJlMmJmYjczMC1lY2FhLTExZTYtOGY4OC0zNDM2M2JjN2M0YzAiOnsiY3JlYXRlIjozNjAwMDAwMDAwMDAwLCJkZWxldGUiOjM2MDAwMDAwMDAwMDAsInVwZGF0ZSI6MzYwMDAwMDAwMDAwMH19",
          "dependencies": [
            "module.eks_gateway.module.eks.aws_cloudwatch_log_group.this",
            "module.eks_gateway.module.eks.aws_eks_cluster.this",
            "module.eks_gateway.module.eks.aws_iam_policy.cni_ipv6_policy",
            "module.eks_gateway.module.eks.aws_iam_role.eks_auto",
            "module.eks_gateway.module.eks.aws_iam_role.this",
            "module.eks_gateway.module.eks.aws_iam_role_policy_attachment.this",
            "module.eks_gateway.module.eks.aws_security_group.cluster",
            "module.eks_gateway.module.eks.aws_security_group.node",
            "module.eks_gateway.module.eks.aws_security_group_rule.cluster",
            "module.eks_gateway.module.eks.aws_security_group_rule.node",
            "module.eks_gateway.module.eks.data.aws_caller_identity.current",
            "module.eks_gateway.module.eks.data.aws_iam_policy_document.assume_role_policy",
            "module.eks_gateway.module.eks.data.aws_iam_policy_document.cni_ipv6_policy",
            "module.eks_gateway.module.eks.data.aws_iam_policy_document.node_assume_role_policy",
            "module.eks_gateway.module.eks.data.aws_iam_session_context.current",
            "module.eks_gateway.module.eks.data.aws_partition.current",
            "module.eks_gateway.module.eks.module.eks_managed_node_group.aws_iam_role.this",
            "module.eks_gateway.module.eks.module.eks_managed_node_group.aws_iam_role_policy_attachment.additional",
            "module.eks_gateway.module.eks.module.eks_managed_node_group.aws_iam_role_policy_attachment.this",
            "module.eks_gateway.module.eks.module.eks_managed_node_group.aws_launch_template.this",
            "module.eks_gateway.module.eks.module.eks_managed_node_group.aws_placement_group.this",
            "module.eks_gateway.module.eks.module.eks_managed_node_group.data.aws_caller_identity.current",
            "module.eks_gateway.module.eks.module.eks_managed_node_group.data.aws_ec2_instance_type.this",
            "module.eks_gateway.module.eks.module.eks_managed_node_group.data.aws_ec2_instance_type_offerings.this",
            "module.eks_gateway.module.eks.module.eks_managed_node_group.data.aws_iam_policy_document.assume_role_policy",
            "module.eks_gateway.module.eks.module.eks_managed_node_group.data.aws_partition.current",
            "module.eks_gateway.module.eks.module.eks_managed_node_group.data.aws_ssm_parameter.ami",
            "module.eks_gateway.module.eks.module.eks_managed_node_group.data.aws_subnets.placement_group",
            "module.eks_gateway.module.eks.module.eks_managed_node_group.module.user_data.data.cloudinit_config.al2023_eks_managed_node_group",
            "module.eks_gateway.module.eks.module.eks_managed_node_group.module.user_data.data.cloudinit_config.linux_eks_managed_node_group",
            "module.eks_gateway.module.eks.module.kms.aws_kms_external_key.this",
            "module.eks_gateway.module.eks.module.kms.aws_kms_key.this",
            "module.eks_gateway.module.eks.module.kms.aws_kms_replica_external_key.this",
            "module.eks_gateway.module.eks.module.kms.aws_kms_replica_key.this",
            "module.eks_gateway.module.eks.module.kms.data.aws_caller_identity.current",
            "module.eks_gateway.module.eks.module.kms.data.aws_iam_policy_document.this",
            "module.eks_gateway.module.eks.module.kms.data.aws_partition.current",
            "module.eks_gateway.module.eks.time_sleep.this",
            "module.vpc_gateway.aws_subnet.private",
            "module.vpc_gateway.aws_vpc.vpc",
            "module.vpc_gateway.data.aws_availability_zones.azs"
          ],
          "create_before_destroy": true
        }
      ]
    },
    {
      "module": "module.eks_gateway.module.eks.module.eks_managed_node_group[\"default\"]",
      "mode": "managed",
      "type": "aws_launch_template",
      "name": "this",
      "provider": "provider[\"registry.terraform.io/hashicorp/aws\"]",
      "instances": [
        {
          "index_key": 0,
          "schema_version": 0,
          "attributes": {
            "arn": "arn:aws:ec2:us-west-2:721500739616:launch-template/lt-044e0d2d2d9ebf9fd",
            "block_device_mappings": [],
            "capacity_reservation_specification": [],
            "cpu_options": [],
            "credit_specification": [],
            "default_version": 1,
            "description": "Custom launch template for default EKS managed node group",
            "disable_api_stop": false,
            "disable_api_termination": false,
            "ebs_optimized": "",
            "elastic_gpu_specifications": [],
            "elastic_inference_accelerator": [],
            "enclave_options": [],
            "hibernation_options": [],
            "iam_instance_profile": [],
            "id": "lt-044e0d2d2d9ebf9fd",
            "image_id": "",
            "instance_initiated_shutdown_behavior": "",
            "instance_market_options": [],
            "instance_requirements": [],
            "instance_type": "",
            "kernel_id": "",
            "key_name": "",
            "latest_version": 1,
            "license_specification": [],
            "maintenance_options": [],
            "metadata_options": [
              {
                "http_endpoint": "enabled",
                "http_protocol_ipv6": "",
                "http_put_response_hop_limit": 2,
                "http_tokens": "required",
                "instance_metadata_tags": ""
              }
            ],
            "monitoring": [
              {
                "enabled": true
              }
            ],
            "name": "default-20251118082224558000000001",
            "name_prefix": "default-",
            "network_interfaces": [],
            "placement": [],
            "private_dns_name_options": [],
            "ram_disk_id": "",
            "security_group_names": [],
            "tag_specifications": [
              {
                "resource_type": "instance",
                "tags": {
                  "Env": "dev",
                  "Name": "default",
                  "Project": "multi-vpc-eks"
                }
              },
              {
                "resource_type": "network-interface",
                "tags": {
                  "Env": "dev",
                  "Name": "default",
                  "Project": "multi-vpc-eks"
                }
              },
              {
                "resource_type": "volume",
                "tags": {
                  "Env": "dev",
                  "Name": "default",
                  "Project": "multi-vpc-eks"
                }
              }
            ],
            "tags": {
              "Env": "dev",
              "Project": "multi-vpc-eks"
            },
            "tags_all": {
              "Env": "dev",
              "Project": "multi-vpc-eks"
            },
            "update_default_version": true,
            "user_data": "",
            "vpc_security_group_ids": [
              "sg-0e90fc015bc08c1e7"
            ]
          },
          "sensitive_attributes": [],
          "identity_schema_version": 0,
          "private": "bnVsbA==",
          "dependencies": [
            "module.eks_gateway.module.eks.aws_cloudwatch_log_group.this",
            "module.eks_gateway.module.eks.aws_eks_cluster.this",
            "module.eks_gateway.module.eks.aws_iam_policy.cni_ipv6_policy",
            "module.eks_gateway.module.eks.aws_iam_role.eks_auto",
            "module.eks_gateway.module.eks.aws_iam_role.this",
            "module.eks_gateway.module.eks.aws_iam_role_policy_attachment.this",
            "module.eks_gateway.module.eks.aws_security_group.cluster",
            "module.eks_gateway.module.eks.aws_security_group.node",
            "module.eks_gateway.module.eks.aws_security_group_rule.cluster",
            "module.eks_gateway.module.eks.aws_security_group_rule.node",
            "module.eks_gateway.module.eks.data.aws_caller_identity.current",
            "module.eks_gateway.module.eks.data.aws_iam_policy_document.assume_role_policy",
            "module.eks_gateway.module.eks.data.aws_iam_policy_document.cni_ipv6_policy",
            "module.eks_gateway.module.eks.data.aws_iam_policy_document.node_assume_role_policy",
            "module.eks_gateway.module.eks.data.aws_iam_session_context.current",
            "module.eks_gateway.module.eks.data.aws_partition.current",
            "module.eks_gateway.module.eks.module.eks_managed_node_group.aws_iam_role.this",
            "module.eks_gateway.module.eks.module.eks_managed_node_group.aws_iam_role_policy_attachment.additional",
            "module.eks_gateway.module.eks.module.eks_managed_node_group.aws_iam_role_policy_attachment.this",
            "module.eks_gateway.module.eks.module.eks_managed_node_group.aws_placement_group.this",
            "module.eks_gateway.module.eks.module.eks_managed_node_group.data.aws_caller_identity.current",
            "module.eks_gateway.module.eks.module.eks_managed_node_group.data.aws_ec2_instance_type.this",
            "module.eks_gateway.module.eks.module.eks_managed_node_group.data.aws_iam_policy_document.assume_role_policy",
            "module.eks_gateway.module.eks.module.eks_managed_node_group.data.aws_partition.current",
            "module.eks_gateway.module.eks.module.eks_managed_node_group.module.user_data.data.cloudinit_config.al2023_eks_managed_node_group",
            "module.eks_gateway.module.eks.module.eks_managed_node_group.module.user_data.data.cloudinit_config.linux_eks_managed_node_group",
            "module.eks_gateway.module.eks.module.kms.aws_kms_external_key.this",
            "module.eks_gateway.module.eks.module.kms.aws_kms_key.this",
            "module.eks_gateway.module.eks.module.kms.aws_kms_replica_external_key.this",
            "module.eks_gateway.module.eks.module.kms.aws_kms_replica_key.this",
            "module.eks_gateway.module.eks.module.kms.data.aws_caller_identity.current",
            "module.eks_gateway.module.eks.module.kms.data.aws_iam_policy_document.this",
            "module.eks_gateway.module.eks.module.kms.data.aws_partition.current",
            "module.eks_gateway.module.eks.time_sleep.this",
            "module.vpc_gateway.aws_subnet.private",
            "module.vpc_gateway.aws_vpc.vpc",
            "module.vpc_gateway.data.aws_availability_zones.azs"
          ],
          "create_before_destroy": true
        }
      ]
    },
    {
      "module": "module.eks_gateway.module.eks.module.eks_managed_node_group[\"default\"].module.user_data",
      "mode": "managed",
      "type": "null_resource",
      "name": "validate_cluster_service_cidr",
      "provider": "provider[\"registry.terraform.io/hashicorp/null\"]",
      "instances": [
        {
          "schema_version": 0,
          "attributes": {
            "id": "5036533672441088584",
            "triggers": null
          },
          "sensitive_attributes": [],
          "identity_schema_version": 0,
          "dependencies": [
            "module.eks_gateway.module.eks.aws_cloudwatch_log_group.this",
            "module.eks_gateway.module.eks.aws_eks_cluster.this",
            "module.eks_gateway.module.eks.aws_iam_policy.cni_ipv6_policy",
            "module.eks_gateway.module.eks.aws_iam_role.eks_auto",
            "module.eks_gateway.module.eks.aws_iam_role.this",
            "module.eks_gateway.module.eks.aws_iam_role_policy_attachment.this",
            "module.eks_gateway.module.eks.aws_security_group.cluster",
            "module.eks_gateway.module.eks.aws_security_group.node",
            "module.eks_gateway.module.eks.aws_security_group_rule.cluster",
            "module.eks_gateway.module.eks.aws_security_group_rule.node",
            "module.eks_gateway.module.eks.data.aws_caller_identity.current",
            "module.eks_gateway.module.eks.data.aws_iam_policy_document.assume_role_policy",
            "module.eks_gateway.module.eks.data.aws_iam_policy_document.cni_ipv6_policy",
            "module.eks_gateway.module.eks.data.aws_iam_policy_document.node_assume_role_policy",
            "module.eks_gateway.module.eks.data.aws_iam_session_context.current",
            "module.eks_gateway.module.eks.data.aws_partition.current",
            "module.eks_gateway.module.eks.module.kms.aws_kms_external_key.this",
            "module.eks_gateway.module.eks.module.kms.aws_kms_key.this",
            "module.eks_gateway.module.eks.module.kms.aws_kms_replica_external_key.this",
            "module.eks_gateway.module.eks.module.kms.aws_kms_replica_key.this",
            "module.eks_gateway.module.eks.module.kms.data.aws_caller_identity.current",
            "module.eks_gateway.module.eks.module.kms.data.aws_iam_policy_document.this",
            "module.eks_gateway.module.eks.module.kms.data.aws_partition.current",
            "module.eks_gateway.module.eks.time_sleep.this",
            "module.vpc_gateway.aws_subnet.private",
            "module.vpc_gateway.aws_vpc.vpc",
            "module.vpc_gateway.data.aws_availability_zones.azs"
          ]
        }
      ]
    },
    {
      "module": "module.gateway_endpoint",
      "mode": "managed",
      "type": "aws_security_group",
      "name": "endpoint_sg",
      "provider": "provider[\"registry.terraform.io/hashicorp/aws\"]",
      "instances": [
        {
          "schema_version": 1,
          "attributes": {
            "arn": "arn:aws:ec2:us-west-2:721500739616:security-group/sg-06aee9ca935be7766",
            "description": "SG for Interface VPC Endpoint",
            "egress": [
              {
                "cidr_blocks": [
                  "0.0.0.0/0"
                ],
                "description": "",
                "from_port": 0,
                "ipv6_cidr_blocks": [],
                "prefix_list_ids": [],
                "protocol": "-1",
                "security_groups": [],
                "self": false,
                "to_port": 0
              }
            ],
            "id": "sg-06aee9ca935be7766",
            "ingress": [
              {
                "cidr_blocks": [
                  "10.0.0.0/8"
                ],
                "description": "Allow traffic from VPC internal CIDR",
                "from_port": 80,
                "ipv6_cidr_blocks": [],
                "prefix_list_ids": [],
                "protocol": "tcp",
                "security_groups": [],
                "self": false,
                "to_port": 80
              }
            ],
            "name": "endpoint-interface",
            "name_prefix": "",
            "owner_id": "721500739616",
            "revoke_rules_on_delete": false,
            "tags": {
              "Name": "endpoint-interface"
            },
            "tags_all": {
              "Name": "endpoint-interface"
            },
            "timeouts": null,
            "vpc_id": "vpc-090feb488bedbcb62"
          },
          "sensitive_attributes": [],
          "identity_schema_version": 0,
          "private": "eyJlMmJmYjczMC1lY2FhLTExZTYtOGY4OC0zNDM2M2JjN2M0YzAiOnsiY3JlYXRlIjo2MDAwMDAwMDAwMDAsImRlbGV0ZSI6OTAwMDAwMDAwMDAwfSwic2NoZW1hX3ZlcnNpb24iOiIxIn0=",
          "dependencies": [
            "module.vpc_gateway.aws_vpc.vpc"
          ]
        }
      ]
    },
    {
      "module": "module.gateway_endpoint",
      "mode": "managed",
      "type": "aws_vpc_endpoint",
      "name": "this",
      "provider": "provider[\"registry.terraform.io/hashicorp/aws\"]",
      "instances": [
        {
          "schema_version": 0,
          "attributes": {
            "arn": "arn:aws:ec2:us-west-2:721500739616:vpc-endpoint/vpce-079d6777e13eb6ee5",
            "auto_accept": null,
            "cidr_blocks": [],
            "dns_entry": [
              {
                "dns_name": "vpce-079d6777e13eb6ee5-3sait9nt.vpce-svc-0703c8716a0a86192.us-west-2.vpce.amazonaws.com",
                "hosted_zone_id": "Z1YSA3EXCYUU9Z"
              },
              {
                "dns_name": "vpce-079d6777e13eb6ee5-3sait9nt-us-west-2b.vpce-svc-0703c8716a0a86192.us-west-2.vpce.amazonaws.com",
                "hosted_zone_id": "Z1YSA3EXCYUU9Z"
              },
              {
                "dns_name": "vpce-079d6777e13eb6ee5-3sait9nt-us-west-2a.vpce-svc-0703c8716a0a86192.us-west-2.vpce.amazonaws.com",
                "hosted_zone_id": "Z1YSA3EXCYUU9Z"
              }
            ],
            "dns_options": [
              {
                "dns_record_ip_type": "ipv4",
                "private_dns_only_for_inbound_resolver_endpoint": false
              }
            ],
            "id": "vpce-079d6777e13eb6ee5",
            "ip_address_type": "ipv4",
            "network_interface_ids": [
              "eni-0154eb5cdd70a528e",
              "eni-0249bca32c1f5449f"
            ],
            "owner_id": "721500739616",
            "policy": "{\"Statement\":[{\"Action\":\"*\",\"Effect\":\"Allow\",\"Principal\":\"*\",\"Resource\":\"*\"}]}",
            "prefix_list_id": null,
            "private_dns_enabled": false,
            "requester_managed": false,
            "resource_configuration_arn": "",
            "route_table_ids": [],
            "security_group_ids": [
              "sg-06aee9ca935be7766"
            ],
            "service_name": "com.amazonaws.vpce.us-west-2.vpce-svc-0703c8716a0a86192",
            "service_network_arn": "",
            "service_region": "us-west-2",
            "state": "pendingAcceptance",
            "subnet_configuration": [
              {
                "ipv4": "10.10.11.158",
                "ipv6": "",
                "subnet_id": "subnet-0fc7365ef79e86f34"
              },
              {
                "ipv4": "10.10.12.18",
                "ipv6": "",
                "subnet_id": "subnet-0e4e753ee050db38a"
              }
            ],
            "subnet_ids": [
              "subnet-0e4e753ee050db38a",
              "subnet-0fc7365ef79e86f34"
            ],
            "tags": {
              "Name": "proxy-application-routing"
            },
            "tags_all": {
              "Name": "proxy-application-routing"
            },
            "timeouts": null,
            "vpc_endpoint_type": "Interface",
            "vpc_id": "vpc-090feb488bedbcb62"
          },
          "sensitive_attributes": [],
          "identity_schema_version": 0,
          "private": "eyJlMmJmYjczMC1lY2FhLTExZTYtOGY4OC0zNDM2M2JjN2M0YzAiOnsiY3JlYXRlIjo2MDAwMDAwMDAwMDAsImRlbGV0ZSI6NjAwMDAwMDAwMDAwLCJ1cGRhdGUiOjYwMDAwMDAwMDAwMH19",
          "dependencies": [
            "module.gateway_endpoint.aws_security_group.endpoint_sg",
            "module.nlb_to_alb.aws_lb.nlb",
            "module.nlb_to_alb.aws_security_group.nlb_sg",
            "module.proxy_vpce_service.aws_vpc_endpoint_service.this",
            "module.vpc_backend.aws_subnet.private",
            "module.vpc_backend.aws_vpc.vpc",
            "module.vpc_backend.data.aws_availability_zones.azs",
            "module.vpc_gateway.aws_subnet.private",
            "module.vpc_gateway.aws_vpc.vpc",
            "module.vpc_gateway.data.aws_availability_zones.azs"
          ]
        }
      ]
    },
    {
      "module": "module.nlb_to_alb",
      "mode": "managed",
      "type": "aws_lb",
      "name": "nlb",
      "provider": "provider[\"registry.terraform.io/hashicorp/aws\"]",
      "instances": [
        {
          "schema_version": 0,
          "attributes": {
            "access_logs": [
              {
                "bucket": "",
                "enabled": false,
                "prefix": ""
              }
            ],
            "arn": "arn:aws:elasticloadbalancing:us-west-2:721500739616:loadbalancer/net/nlb-routing-to-backend/83b9f8bb19d06208",
            "arn_suffix": "net/nlb-routing-to-backend/83b9f8bb19d06208",
            "client_keep_alive": null,
            "connection_logs": [],
            "customer_owned_ipv4_pool": "",
            "desync_mitigation_mode": null,
            "dns_name": "nlb-routing-to-backend-83b9f8bb19d06208.elb.us-west-2.amazonaws.com",
            "dns_record_client_routing_policy": "any_availability_zone",
            "drop_invalid_header_fields": null,
            "enable_cross_zone_load_balancing": false,
            "enable_deletion_protection": false,
            "enable_http2": null,
            "enable_tls_version_and_cipher_suite_headers": null,
            "enable_waf_fail_open": null,
            "enable_xff_client_port": null,
            "enable_zonal_shift": false,
            "enforce_security_group_inbound_rules_on_private_link_traffic": "on",
            "id": "arn:aws:elasticloadbalancing:us-west-2:721500739616:loadbalancer/net/nlb-routing-to-backend/83b9f8bb19d06208",
            "idle_timeout": null,
            "internal": true,
            "ip_address_type": "ipv4",
            "ipam_pools": [],
            "load_balancer_type": "network",
            "minimum_load_balancer_capacity": [],
            "name": "nlb-routing-to-backend",
            "name_prefix": "",
            "preserve_host_header": null,
            "security_groups": [
              "sg-063ef88d993b20e08"
            ],
            "subnet_mapping": [
              {
                "allocation_id": "",
                "ipv6_address": "",
                "outpost_id": "",
                "private_ipv4_address": "",
                "subnet_id": "subnet-0702bc09bb6d370f1"
              },
              {
                "allocation_id": "",
                "ipv6_address": "",
                "outpost_id": "",
                "private_ipv4_address": "",
                "subnet_id": "subnet-07b5c7a948d741fbe"
              }
            ],
            "subnets": [
              "subnet-0702bc09bb6d370f1",
              "subnet-07b5c7a948d741fbe"
            ],
            "tags": {},
            "tags_all": {},
            "timeouts": null,
            "vpc_id": "vpc-0d5fe5db59dd8bc11",
            "xff_header_processing_mode": null,
            "zone_id": "Z18D5FSROUN65G"
          },
          "sensitive_attributes": [],
          "identity_schema_version": 0,
          "private": "eyJlMmJmYjczMC1lY2FhLTExZTYtOGY4OC0zNDM2M2JjN2M0YzAiOnsiY3JlYXRlIjo2MDAwMDAwMDAwMDAsImRlbGV0ZSI6NjAwMDAwMDAwMDAwLCJ1cGRhdGUiOjYwMDAwMDAwMDAwMH19",
          "dependencies": [
            "module.nlb_to_alb.aws_security_group.nlb_sg",
            "module.vpc_backend.aws_subnet.private",
            "module.vpc_backend.aws_vpc.vpc",
            "module.vpc_backend.data.aws_availability_zones.azs"
          ]
        }
      ]
    },
    {
      "module": "module.nlb_to_alb",
      "mode": "managed",
      "type": "aws_lb_listener",
      "name": "nlb_listener",
      "provider": "provider[\"registry.terraform.io/hashicorp/aws\"]",
      "instances": [
        {
          "schema_version": 0,
          "attributes": {
            "alpn_policy": null,
            "arn": "arn:aws:elasticloadbalancing:us-west-2:721500739616:listener/net/nlb-routing-to-backend/83b9f8bb19d06208/ac6d6ec3263fb505",
            "certificate_arn": null,
            "default_action": [
              {
                "authenticate_cognito": [],
                "authenticate_oidc": [],
                "fixed_response": [],
                "forward": [],
                "order": 1,
                "redirect": [],
                "target_group_arn": "arn:aws:elasticloadbalancing:us-west-2:721500739616:targetgroup/nlb-routing-to-backend-tg/5cfc131808841c1b",
                "type": "forward"
              }
            ],
            "id": "arn:aws:elasticloadbalancing:us-west-2:721500739616:listener/net/nlb-routing-to-backend/83b9f8bb19d06208/ac6d6ec3263fb505",
            "load_balancer_arn": "arn:aws:elasticloadbalancing:us-west-2:721500739616:loadbalancer/net/nlb-routing-to-backend/83b9f8bb19d06208",
            "mutual_authentication": [],
            "port": 80,
            "protocol": "TCP",
            "routing_http_request_x_amzn_mtls_clientcert_header_name": null,
            "routing_http_request_x_amzn_mtls_clientcert_issuer_header_name": null,
            "routing_http_request_x_amzn_mtls_clientcert_leaf_header_name": null,
            "routing_http_request_x_amzn_mtls_clientcert_serial_number_header_name": null,
            "routing_http_request_x_amzn_mtls_clientcert_subject_header_name": null,
            "routing_http_request_x_amzn_mtls_clientcert_validity_header_name": null,
            "routing_http_request_x_amzn_tls_cipher_suite_header_name": null,
            "routing_http_request_x_amzn_tls_version_header_name": null,
            "routing_http_response_access_control_allow_credentials_header_value": null,
            "routing_http_response_access_control_allow_headers_header_value": null,
            "routing_http_response_access_control_allow_methods_header_value": null,
            "routing_http_response_access_control_allow_origin_header_value": null,
            "routing_http_response_access_control_expose_headers_header_value": null,
            "routing_http_response_access_control_max_age_header_value": null,
            "routing_http_response_content_security_policy_header_value": null,
            "routing_http_response_server_enabled": null,
            "routing_http_response_strict_transport_security_header_value": null,
            "routing_http_response_x_content_type_options_header_value": null,
            "routing_http_response_x_frame_options_header_value": null,
            "ssl_policy": "",
            "tags": {},
            "tags_all": {},
            "tcp_idle_timeout_seconds": 350,
            "timeouts": null
          },
          "sensitive_attributes": [],
          "identity_schema_version": 0,
          "private": "eyJlMmJmYjczMC1lY2FhLTExZTYtOGY4OC0zNDM2M2JjN2M0YzAiOnsiY3JlYXRlIjozMDAwMDAwMDAwMDAsInVwZGF0ZSI6MzAwMDAwMDAwMDAwfX0=",
          "dependencies": [
            "module.nlb_to_alb.aws_lb.nlb",
            "module.nlb_to_alb.aws_lb_target_group.tg",
            "module.nlb_to_alb.aws_security_group.nlb_sg",
            "module.vpc_backend.aws_subnet.private",
            "module.vpc_backend.aws_vpc.vpc",
            "module.vpc_backend.data.aws_availability_zones.azs"
          ]
        }
      ]
    },
    {
      "module": "module.nlb_to_alb",
      "mode": "managed",
      "type": "aws_lb_target_group",
      "name": "tg",
      "provider": "provider[\"registry.terraform.io/hashicorp/aws\"]",
      "instances": [
        {
          "schema_version": 0,
          "attributes": {
            "arn": "arn:aws:elasticloadbalancing:us-west-2:721500739616:targetgroup/nlb-routing-to-backend-tg/5cfc131808841c1b",
            "arn_suffix": "targetgroup/nlb-routing-to-backend-tg/5cfc131808841c1b",
            "connection_termination": null,
            "deregistration_delay": "300",
            "health_check": [
              {
                "enabled": true,
                "healthy_threshold": 3,
                "interval": 30,
                "matcher": "200-399",
                "path": "/",
                "port": "80",
                "protocol": "HTTP",
                "timeout": 6,
                "unhealthy_threshold": 3
              }
            ],
            "id": "arn:aws:elasticloadbalancing:us-west-2:721500739616:targetgroup/nlb-routing-to-backend-tg/5cfc131808841c1b",
            "ip_address_type": "ipv4",
            "lambda_multi_value_headers_enabled": false,
            "load_balancer_arns": [
              "arn:aws:elasticloadbalancing:us-west-2:721500739616:loadbalancer/net/nlb-routing-to-backend/83b9f8bb19d06208"
            ],
            "load_balancing_algorithm_type": null,
            "load_balancing_anomaly_mitigation": null,
            "load_balancing_cross_zone_enabled": null,
            "name": "nlb-routing-to-backend-tg",
            "name_prefix": "",
            "port": 80,
            "preserve_client_ip": null,
            "protocol": "TCP",
            "protocol_version": null,
            "proxy_protocol_v2": false,
            "slow_start": 0,
            "stickiness": [
              {
                "cookie_duration": 0,
                "cookie_name": "",
                "enabled": false,
                "type": "source_ip"
              }
            ],
            "tags": {},
            "tags_all": {},
            "target_failover": [
              {
                "on_deregistration": null,
                "on_unhealthy": null
              }
            ],
            "target_group_health": [
              {
                "dns_failover": [
                  {
                    "minimum_healthy_targets_count": "1",
                    "minimum_healthy_targets_percentage": "off"
                  }
                ],
                "unhealthy_state_routing": [
                  {
                    "minimum_healthy_targets_count": 1,
                    "minimum_healthy_targets_percentage": "off"
                  }
                ]
              }
            ],
            "target_health_state": [
              {
                "enable_unhealthy_connection_termination": null,
                "unhealthy_draining_interval": null
              }
            ],
            "target_type": "alb",
            "vpc_id": "vpc-0d5fe5db59dd8bc11"
          },
          "sensitive_attributes": [],
          "identity_schema_version": 0,
          "private": "bnVsbA==",
          "dependencies": [
            "module.vpc_backend.aws_vpc.vpc"
          ]
        }
      ]
    },
    {
      "module": "module.nlb_to_alb",
      "mode": "managed",
      "type": "aws_lb_target_group_attachment",
      "name": "tg_attach",
      "provider": "provider[\"registry.terraform.io/hashicorp/aws\"]",
      "instances": [
        {
          "schema_version": 0,
          "attributes": {
            "availability_zone": null,
            "id": "arn:aws:elasticloadbalancing:us-west-2:721500739616:targetgroup/nlb-routing-to-backend-tg/5cfc131808841c1b-20251118181811747300000001",
            "port": 80,
            "target_group_arn": "arn:aws:elasticloadbalancing:us-west-2:721500739616:targetgroup/nlb-routing-to-backend-tg/5cfc131808841c1b",
            "target_id": "arn:aws:elasticloadbalancing:us-west-2:721500739616:loadbalancer/app/k8s-app-albingre-3a38bb3501/8099cbfae60fa5c1"
          },
          "sensitive_attributes": [],
          "identity_schema_version": 0,
          "private": "bnVsbA==",
          "dependencies": [
            "module.nlb_to_alb.aws_lb_target_group.tg",
            "module.vpc_backend.aws_vpc.vpc"
          ]
        }
      ]
    },
    {
      "module": "module.nlb_to_alb",
      "mode": "managed",
      "type": "aws_security_group",
      "name": "nlb_sg",
      "provider": "provider[\"registry.terraform.io/hashicorp/aws\"]",
      "instances": [
        {
          "schema_version": 1,
          "attributes": {
            "arn": "arn:aws:ec2:us-west-2:721500739616:security-group/sg-063ef88d993b20e08",
            "description": "SG for internal NLB ENIs",
            "egress": [
              {
                "cidr_blocks": [
                  "0.0.0.0/0"
                ],
                "description": "",
                "from_port": 0,
                "ipv6_cidr_blocks": [],
                "prefix_list_ids": [],
                "protocol": "-1",
                "security_groups": [],
                "self": false,
                "to_port": 0
              }
            ],
            "id": "sg-063ef88d993b20e08",
            "ingress": [
              {
                "cidr_blocks": [
                  "10.0.0.0/8"
                ],
                "description": "Allow VPC traffic",
                "from_port": 80,
                "ipv6_cidr_blocks": [],
                "prefix_list_ids": [],
                "protocol": "tcp",
                "security_groups": [],
                "self": false,
                "to_port": 80
              }
            ],
            "name": "nlb-routing-to-backend-sg",
            "name_prefix": "",
            "owner_id": "721500739616",
            "revoke_rules_on_delete": false,
            "tags": {},
            "tags_all": {},
            "timeouts": null,
            "vpc_id": "vpc-0d5fe5db59dd8bc11"
          },
          "sensitive_attributes": [],
          "identity_schema_version": 0,
          "private": "eyJlMmJmYjczMC1lY2FhLTExZTYtOGY4OC0zNDM2M2JjN2M0YzAiOnsiY3JlYXRlIjo2MDAwMDAwMDAwMDAsImRlbGV0ZSI6OTAwMDAwMDAwMDAwfSwic2NoZW1hX3ZlcnNpb24iOiIxIn0=",
          "dependencies": [
            "module.vpc_backend.aws_vpc.vpc"
          ]
        }
      ]
    },
    {
      "module": "module.proxy_vpce_service",
      "mode": "managed",
      "type": "aws_vpc_endpoint_service",
      "name": "this",
      "provider": "provider[\"registry.terraform.io/hashicorp/aws\"]",
      "instances": [
        {
          "schema_version": 0,
          "attributes": {
            "acceptance_required": true,
            "allowed_principals": [
              "arn:aws:iam::721500739616:root"
            ],
            "arn": "arn:aws:ec2:us-west-2:721500739616:vpc-endpoint-service/vpce-svc-0703c8716a0a86192",
            "availability_zones": [
              "us-west-2a",
              "us-west-2b"
            ],
            "base_endpoint_dns_names": [
              "vpce-svc-0703c8716a0a86192.us-west-2.vpce.amazonaws.com"
            ],
            "gateway_load_balancer_arns": [],
            "id": "vpce-svc-0703c8716a0a86192",
            "manages_vpc_endpoints": false,
            "network_load_balancer_arns": [
              "arn:aws:elasticloadbalancing:us-west-2:721500739616:loadbalancer/net/nlb-routing-to-backend/83b9f8bb19d06208"
            ],
            "private_dns_name": "",
            "private_dns_name_configuration": [],
            "service_name": "com.amazonaws.vpce.us-west-2.vpce-svc-0703c8716a0a86192",
            "service_type": "Interface",
            "state": "Available",
            "supported_ip_address_types": [
              "ipv4"
            ],
            "supported_regions": [
              "us-west-2"
            ],
            "tags": {
              "Name": "proxy-application-routing"
            },
            "tags_all": {
              "Name": "proxy-application-routing"
            },
            "timeouts": null
          },
          "sensitive_attributes": [],
          "identity_schema_version": 0,
          "private": "eyJlMmJmYjczMC1lY2FhLTExZTYtOGY4OC0zNDM2M2JjN2M0YzAiOnsiY3JlYXRlIjo2MDAwMDAwMDAwMDAsImRlbGV0ZSI6NjAwMDAwMDAwMDAwLCJ1cGRhdGUiOjYwMDAwMDAwMDAwMH19",
          "dependencies": [
            "module.nlb_to_alb.aws_lb.nlb",
            "module.nlb_to_alb.aws_security_group.nlb_sg",
            "module.vpc_backend.aws_subnet.private",
            "module.vpc_backend.aws_vpc.vpc",
            "module.vpc_backend.data.aws_availability_zones.azs"
          ]
        }
      ]
    },
    {
      "module": "module.proxy_vpce_service",
      "mode": "managed",
      "type": "aws_vpc_endpoint_service_allowed_principal",
      "name": "principals",
      "provider": "provider[\"registry.terraform.io/hashicorp/aws\"]",
      "instances": [
        {
          "index_key": 0,
          "schema_version": 0,
          "attributes": {
            "id": "vpce-svc-perm-036bc60ceef0b45c2",
            "principal_arn": "arn:aws:iam::721500739616:root",
            "vpc_endpoint_service_id": "vpce-svc-0703c8716a0a86192"
          },
          "sensitive_attributes": [],
          "identity_schema_version": 0,
          "private": "bnVsbA==",
          "dependencies": [
            "module.nlb_to_alb.aws_lb.nlb",
            "module.nlb_to_alb.aws_security_group.nlb_sg",
            "module.proxy_vpce_service.aws_vpc_endpoint_service.this",
            "module.vpc_backend.aws_subnet.private",
            "module.vpc_backend.aws_vpc.vpc",
            "module.vpc_backend.data.aws_availability_zones.azs"
          ]
        }
      ]
    },
    {
      "module": "module.vpc_backend",
      "mode": "data",
      "type": "aws_availability_zones",
      "name": "azs",
      "provider": "provider[\"registry.terraform.io/hashicorp/aws\"]",
      "instances": [
        {
          "schema_version": 0,
          "attributes": {
            "all_availability_zones": null,
            "exclude_names": null,
            "exclude_zone_ids": null,
            "filter": [
              {
                "name": "opt-in-status",
                "values": [
                  "opt-in-not-required"
                ]
              }
            ],
            "group_names": [
              "us-west-2-zg-1"
            ],
            "id": "us-west-2",
            "names": [
              "us-west-2a",
              "us-west-2b",
              "us-west-2c",
              "us-west-2d"
            ],
            "state": "available",
            "timeouts": null,
            "zone_ids": [
              "usw2-az2",
              "usw2-az1",
              "usw2-az3",
              "usw2-az4"
            ]
          },
          "sensitive_attributes": [],
          "identity_schema_version": 0
        }
      ]
    },
    {
      "module": "module.vpc_backend",
      "mode": "managed",
      "type": "aws_eip",
      "name": "nat_eip",
      "provider": "provider[\"registry.terraform.io/hashicorp/aws\"]",
      "instances": [
        {
          "index_key": 0,
          "schema_version": 0,
          "attributes": {
            "address": null,
            "allocation_id": "eipalloc-035f0a38d53de9fe5",
            "arn": "arn:aws:ec2:us-west-2:721500739616:elastic-ip/eipalloc-035f0a38d53de9fe5",
            "associate_with_private_ip": null,
            "association_id": "",
            "carrier_ip": "",
            "customer_owned_ip": "",
            "customer_owned_ipv4_pool": "",
            "domain": "vpc",
            "id": "eipalloc-035f0a38d53de9fe5",
            "instance": "",
            "ipam_pool_id": null,
            "network_border_group": "us-west-2",
            "network_interface": "",
            "private_dns": null,
            "private_ip": "",
            "ptr_record": "",
            "public_dns": "ec2-35-85-172-93.us-west-2.compute.amazonaws.com",
            "public_ip": "35.85.172.93",
            "public_ipv4_pool": "amazon",
            "tags": {
              "Name": "vpc-backend-nat-eip"
            },
            "tags_all": {
              "Name": "vpc-backend-nat-eip"
            },
            "timeouts": null,
            "vpc": true
          },
          "sensitive_attributes": [],
          "identity_schema_version": 0,
          "private": "eyJlMmJmYjczMC1lY2FhLTExZTYtOGY4OC0zNDM2M2JjN2M0YzAiOnsiZGVsZXRlIjoxODAwMDAwMDAwMDAsInJlYWQiOjkwMDAwMDAwMDAwMCwidXBkYXRlIjozMDAwMDAwMDAwMDB9fQ=="
        }
      ]
    },
    {
      "module": "module.vpc_backend",
      "mode": "managed",
      "type": "aws_internet_gateway",
      "name": "igw",
      "provider": "provider[\"registry.terraform.io/hashicorp/aws\"]",
      "instances": [
        {
          "index_key": 0,
          "schema_version": 0,
          "attributes": {
            "arn": "arn:aws:ec2:us-west-2:721500739616:internet-gateway/igw-0ecc0e04aa330dfa8",
            "id": "igw-0ecc0e04aa330dfa8",
            "owner_id": "721500739616",
            "tags": {
              "Name": "vpc-backend-igw"
            },
            "tags_all": {
              "Name": "vpc-backend-igw"
            },
            "timeouts": null,
            "vpc_id": "vpc-0d5fe5db59dd8bc11"
          },
          "sensitive_attributes": [],
          "identity_schema_version": 0,
          "private": "eyJlMmJmYjczMC1lY2FhLTExZTYtOGY4OC0zNDM2M2JjN2M0YzAiOnsiY3JlYXRlIjoxMjAwMDAwMDAwMDAwLCJkZWxldGUiOjEyMDAwMDAwMDAwMDAsInVwZGF0ZSI6MTIwMDAwMDAwMDAwMH19",
          "dependencies": [
            "module.vpc_backend.aws_vpc.vpc"
          ]
        }
      ]
    },
    {
      "module": "module.vpc_backend",
      "mode": "managed",
      "type": "aws_nat_gateway",
      "name": "nat",
      "provider": "provider[\"registry.terraform.io/hashicorp/aws\"]",
      "instances": [
        {
          "index_key": 0,
          "schema_version": 0,
          "attributes": {
            "allocation_id": "eipalloc-035f0a38d53de9fe5",
            "association_id": "eipassoc-0d9f00de13c7c7b1f",
            "connectivity_type": "public",
            "id": "nat-0673fd4738bb51eff",
            "network_interface_id": "eni-088228adc0f40c36a",
            "private_ip": "10.20.1.6",
            "public_ip": "35.85.172.93",
            "secondary_allocation_ids": null,
            "secondary_private_ip_address_count": 0,
            "secondary_private_ip_addresses": [],
            "subnet_id": "subnet-0ccfeda2c3359f9b3",
            "tags": {
              "Name": "vpc-backend-nat-gw"
            },
            "tags_all": {
              "Name": "vpc-backend-nat-gw"
            },
            "timeouts": null
          },
          "sensitive_attributes": [],
          "identity_schema_version": 0,
          "private": "eyJlMmJmYjczMC1lY2FhLTExZTYtOGY4OC0zNDM2M2JjN2M0YzAiOnsiY3JlYXRlIjo2MDAwMDAwMDAwMDAsImRlbGV0ZSI6MTgwMDAwMDAwMDAwMCwidXBkYXRlIjo2MDAwMDAwMDAwMDB9fQ==",
          "dependencies": [
            "module.vpc_backend.aws_eip.nat_eip",
            "module.vpc_backend.aws_subnet.public",
            "module.vpc_backend.aws_vpc.vpc",
            "module.vpc_backend.data.aws_availability_zones.azs"
          ]
        }
      ]
    },
    {
      "module": "module.vpc_backend",
      "mode": "managed",
      "type": "aws_route",
      "name": "private_nat",
      "provider": "provider[\"registry.terraform.io/hashicorp/aws\"]",
      "instances": [
        {
          "index_key": 0,
          "schema_version": 0,
          "attributes": {
            "carrier_gateway_id": "",
            "core_network_arn": "",
            "destination_cidr_block": "0.0.0.0/0",
            "destination_ipv6_cidr_block": "",
            "destination_prefix_list_id": "",
            "egress_only_gateway_id": "",
            "gateway_id": "",
            "id": "r-rtb-031954851bbdda9b71080289494",
            "instance_id": "",
            "instance_owner_id": "",
            "local_gateway_id": "",
            "nat_gateway_id": "nat-0673fd4738bb51eff",
            "network_interface_id": "",
            "origin": "CreateRoute",
            "route_table_id": "rtb-031954851bbdda9b7",
            "state": "active",
            "timeouts": null,
            "transit_gateway_id": "",
            "vpc_endpoint_id": "",
            "vpc_peering_connection_id": ""
          },
          "sensitive_attributes": [],
          "identity_schema_version": 0,
          "private": "eyJlMmJmYjczMC1lY2FhLTExZTYtOGY4OC0zNDM2M2JjN2M0YzAiOnsiY3JlYXRlIjozMDAwMDAwMDAwMDAsImRlbGV0ZSI6MzAwMDAwMDAwMDAwLCJ1cGRhdGUiOjEyMDAwMDAwMDAwMH19",
          "dependencies": [
            "module.vpc_backend.aws_eip.nat_eip",
            "module.vpc_backend.aws_nat_gateway.nat",
            "module.vpc_backend.aws_route_table.private",
            "module.vpc_backend.aws_subnet.public",
            "module.vpc_backend.aws_vpc.vpc",
            "module.vpc_backend.data.aws_availability_zones.azs"
          ]
        }
      ]
    },
    {
      "module": "module.vpc_backend",
      "mode": "managed",
      "type": "aws_route",
      "name": "public_igw",
      "provider": "provider[\"registry.terraform.io/hashicorp/aws\"]",
      "instances": [
        {
          "index_key": 0,
          "schema_version": 0,
          "attributes": {
            "carrier_gateway_id": "",
            "core_network_arn": "",
            "destination_cidr_block": "0.0.0.0/0",
            "destination_ipv6_cidr_block": "",
            "destination_prefix_list_id": "",
            "egress_only_gateway_id": "",
            "gateway_id": "igw-0ecc0e04aa330dfa8",
            "id": "r-rtb-0afad3b0832c1e9991080289494",
            "instance_id": "",
            "instance_owner_id": "",
            "local_gateway_id": "",
            "nat_gateway_id": "",
            "network_interface_id": "",
            "origin": "CreateRoute",
            "route_table_id": "rtb-0afad3b0832c1e999",
            "state": "active",
            "timeouts": null,
            "transit_gateway_id": "",
            "vpc_endpoint_id": "",
            "vpc_peering_connection_id": ""
          },
          "sensitive_attributes": [],
          "identity_schema_version": 0,
          "private": "eyJlMmJmYjczMC1lY2FhLTExZTYtOGY4OC0zNDM2M2JjN2M0YzAiOnsiY3JlYXRlIjozMDAwMDAwMDAwMDAsImRlbGV0ZSI6MzAwMDAwMDAwMDAwLCJ1cGRhdGUiOjEyMDAwMDAwMDAwMH19",
          "dependencies": [
            "module.vpc_backend.aws_internet_gateway.igw",
            "module.vpc_backend.aws_route_table.public",
            "module.vpc_backend.aws_vpc.vpc"
          ]
        }
      ]
    },
    {
      "module": "module.vpc_backend",
      "mode": "managed",
      "type": "aws_route_table",
      "name": "private",
      "provider": "provider[\"registry.terraform.io/hashicorp/aws\"]",
      "instances": [
        {
          "index_key": 0,
          "schema_version": 0,
          "attributes": {
            "arn": "arn:aws:ec2:us-west-2:721500739616:route-table/rtb-031954851bbdda9b7",
            "id": "rtb-031954851bbdda9b7",
            "owner_id": "721500739616",
            "propagating_vgws": [],
            "route": [
              {
                "carrier_gateway_id": "",
                "cidr_block": "0.0.0.0/0",
                "core_network_arn": "",
                "destination_prefix_list_id": "",
                "egress_only_gateway_id": "",
                "gateway_id": "",
                "ipv6_cidr_block": "",
                "local_gateway_id": "",
                "nat_gateway_id": "nat-0673fd4738bb51eff",
                "network_interface_id": "",
                "transit_gateway_id": "",
                "vpc_endpoint_id": "",
                "vpc_peering_connection_id": ""
              }
            ],
            "tags": {
              "Name": "vpc-backend-private-rt"
            },
            "tags_all": {
              "Name": "vpc-backend-private-rt"
            },
            "timeouts": null,
            "vpc_id": "vpc-0d5fe5db59dd8bc11"
          },
          "sensitive_attributes": [],
          "identity_schema_version": 0,
          "private": "eyJlMmJmYjczMC1lY2FhLTExZTYtOGY4OC0zNDM2M2JjN2M0YzAiOnsiY3JlYXRlIjozMDAwMDAwMDAwMDAsImRlbGV0ZSI6MzAwMDAwMDAwMDAwLCJ1cGRhdGUiOjEyMDAwMDAwMDAwMH19",
          "dependencies": [
            "module.vpc_backend.aws_vpc.vpc"
          ]
        }
      ]
    },
    {
      "module": "module.vpc_backend",
      "mode": "managed",
      "type": "aws_route_table",
      "name": "public",
      "provider": "provider[\"registry.terraform.io/hashicorp/aws\"]",
      "instances": [
        {
          "index_key": 0,
          "schema_version": 0,
          "attributes": {
            "arn": "arn:aws:ec2:us-west-2:721500739616:route-table/rtb-0afad3b0832c1e999",
            "id": "rtb-0afad3b0832c1e999",
            "owner_id": "721500739616",
            "propagating_vgws": [],
            "route": [],
            "tags": {
              "Name": "vpc-backend-public-rt"
            },
            "tags_all": {
              "Name": "vpc-backend-public-rt"
            },
            "timeouts": null,
            "vpc_id": "vpc-0d5fe5db59dd8bc11"
          },
          "sensitive_attributes": [],
          "identity_schema_version": 0,
          "private": "eyJlMmJmYjczMC1lY2FhLTExZTYtOGY4OC0zNDM2M2JjN2M0YzAiOnsiY3JlYXRlIjozMDAwMDAwMDAwMDAsImRlbGV0ZSI6MzAwMDAwMDAwMDAwLCJ1cGRhdGUiOjEyMDAwMDAwMDAwMH19",
          "dependencies": [
            "module.vpc_backend.aws_vpc.vpc"
          ]
        }
      ]
    },
    {
      "module": "module.vpc_backend",
      "mode": "managed",
      "type": "aws_route_table_association",
      "name": "private_assoc",
      "provider": "provider[\"registry.terraform.io/hashicorp/aws\"]",
      "instances": [
        {
          "index_key": 0,
          "schema_version": 0,
          "attributes": {
            "gateway_id": "",
            "id": "rtbassoc-046c59049fc541f0d",
            "route_table_id": "rtb-031954851bbdda9b7",
            "subnet_id": "subnet-07b5c7a948d741fbe",
            "timeouts": null
          },
          "sensitive_attributes": [],
          "identity_schema_version": 0,
          "private": "eyJlMmJmYjczMC1lY2FhLTExZTYtOGY4OC0zNDM2M2JjN2M0YzAiOnsiY3JlYXRlIjozMDAwMDAwMDAwMDAsImRlbGV0ZSI6MzAwMDAwMDAwMDAwLCJ1cGRhdGUiOjEyMDAwMDAwMDAwMH19",
          "dependencies": [
            "module.vpc_backend.aws_route_table.private",
            "module.vpc_backend.aws_subnet.private",
            "module.vpc_backend.aws_vpc.vpc",
            "module.vpc_backend.data.aws_availability_zones.azs"
          ]
        },
        {
          "index_key": 1,
          "schema_version": 0,
          "attributes": {
            "gateway_id": "",
            "id": "rtbassoc-0e6a2700b51584439",
            "route_table_id": "rtb-031954851bbdda9b7",
            "subnet_id": "subnet-0702bc09bb6d370f1",
            "timeouts": null
          },
          "sensitive_attributes": [],
          "identity_schema_version": 0,
          "private": "eyJlMmJmYjczMC1lY2FhLTExZTYtOGY4OC0zNDM2M2JjN2M0YzAiOnsiY3JlYXRlIjozMDAwMDAwMDAwMDAsImRlbGV0ZSI6MzAwMDAwMDAwMDAwLCJ1cGRhdGUiOjEyMDAwMDAwMDAwMH19",
          "dependencies": [
            "module.vpc_backend.aws_route_table.private",
            "module.vpc_backend.aws_subnet.private",
            "module.vpc_backend.aws_vpc.vpc",
            "module.vpc_backend.data.aws_availability_zones.azs"
          ]
        }
      ]
    },
    {
      "module": "module.vpc_backend",
      "mode": "managed",
      "type": "aws_route_table_association",
      "name": "public_assoc",
      "provider": "provider[\"registry.terraform.io/hashicorp/aws\"]",
      "instances": [
        {
          "index_key": 0,
          "schema_version": 0,
          "attributes": {
            "gateway_id": "",
            "id": "rtbassoc-04ca6d1fd8da6bf53",
            "route_table_id": "rtb-0afad3b0832c1e999",
            "subnet_id": "subnet-0ccfeda2c3359f9b3",
            "timeouts": null
          },
          "sensitive_attributes": [],
          "identity_schema_version": 0,
          "private": "eyJlMmJmYjczMC1lY2FhLTExZTYtOGY4OC0zNDM2M2JjN2M0YzAiOnsiY3JlYXRlIjozMDAwMDAwMDAwMDAsImRlbGV0ZSI6MzAwMDAwMDAwMDAwLCJ1cGRhdGUiOjEyMDAwMDAwMDAwMH19",
          "dependencies": [
            "module.vpc_backend.aws_route_table.public",
            "module.vpc_backend.aws_subnet.public",
            "module.vpc_backend.aws_vpc.vpc",
            "module.vpc_backend.data.aws_availability_zones.azs"
          ]
        }
      ]
    },
    {
      "module": "module.vpc_backend",
      "mode": "managed",
      "type": "aws_subnet",
      "name": "private",
      "provider": "provider[\"registry.terraform.io/hashicorp/aws\"]",
      "instances": [
        {
          "index_key": 0,
          "schema_version": 1,
          "attributes": {
            "arn": "arn:aws:ec2:us-west-2:721500739616:subnet/subnet-07b5c7a948d741fbe",
            "assign_ipv6_address_on_creation": false,
            "availability_zone": "us-west-2a",
            "availability_zone_id": "usw2-az2",
            "cidr_block": "10.20.11.0/24",
            "customer_owned_ipv4_pool": "",
            "enable_dns64": false,
            "enable_lni_at_device_index": 0,
            "enable_resource_name_dns_a_record_on_launch": false,
            "enable_resource_name_dns_aaaa_record_on_launch": false,
            "id": "subnet-07b5c7a948d741fbe",
            "ipv6_cidr_block": "",
            "ipv6_cidr_block_association_id": "",
            "ipv6_native": false,
            "map_customer_owned_ip_on_launch": false,
            "map_public_ip_on_launch": false,
            "outpost_arn": "",
            "owner_id": "721500739616",
            "private_dns_hostname_type_on_launch": "ip-name",
            "tags": {
              "Name": "vpc-backend-private-1"
            },
            "tags_all": {
              "Name": "vpc-backend-private-1"
            },
            "timeouts": null,
            "vpc_id": "vpc-0d5fe5db59dd8bc11"
          },
          "sensitive_attributes": [],
          "identity_schema_version": 0,
          "private": "eyJlMmJmYjczMC1lY2FhLTExZTYtOGY4OC0zNDM2M2JjN2M0YzAiOnsiY3JlYXRlIjo2MDAwMDAwMDAwMDAsImRlbGV0ZSI6MTIwMDAwMDAwMDAwMH0sInNjaGVtYV92ZXJzaW9uIjoiMSJ9",
          "dependencies": [
            "module.vpc_backend.aws_vpc.vpc",
            "module.vpc_backend.data.aws_availability_zones.azs"
          ]
        },
        {
          "index_key": 1,
          "schema_version": 1,
          "attributes": {
            "arn": "arn:aws:ec2:us-west-2:721500739616:subnet/subnet-0702bc09bb6d370f1",
            "assign_ipv6_address_on_creation": false,
            "availability_zone": "us-west-2b",
            "availability_zone_id": "usw2-az1",
            "cidr_block": "10.20.12.0/24",
            "customer_owned_ipv4_pool": "",
            "enable_dns64": false,
            "enable_lni_at_device_index": 0,
            "enable_resource_name_dns_a_record_on_launch": false,
            "enable_resource_name_dns_aaaa_record_on_launch": false,
            "id": "subnet-0702bc09bb6d370f1",
            "ipv6_cidr_block": "",
            "ipv6_cidr_block_association_id": "",
            "ipv6_native": false,
            "map_customer_owned_ip_on_launch": false,
            "map_public_ip_on_launch": false,
            "outpost_arn": "",
            "owner_id": "721500739616",
            "private_dns_hostname_type_on_launch": "ip-name",
            "tags": {
              "Name": "vpc-backend-private-2"
            },
            "tags_all": {
              "Name": "vpc-backend-private-2"
            },
            "timeouts": null,
            "vpc_id": "vpc-0d5fe5db59dd8bc11"
          },
          "sensitive_attributes": [],
          "identity_schema_version": 0,
          "private": "eyJlMmJmYjczMC1lY2FhLTExZTYtOGY4OC0zNDM2M2JjN2M0YzAiOnsiY3JlYXRlIjo2MDAwMDAwMDAwMDAsImRlbGV0ZSI6MTIwMDAwMDAwMDAwMH0sInNjaGVtYV92ZXJzaW9uIjoiMSJ9",
          "dependencies": [
            "module.vpc_backend.aws_vpc.vpc",
            "module.vpc_backend.data.aws_availability_zones.azs"
          ]
        }
      ]
    },
    {
      "module": "module.vpc_backend",
      "mode": "managed",
      "type": "aws_subnet",
      "name": "public",
      "provider": "provider[\"registry.terraform.io/hashicorp/aws\"]",
      "instances": [
        {
          "index_key": 0,
          "schema_version": 1,
          "attributes": {
            "arn": "arn:aws:ec2:us-west-2:721500739616:subnet/subnet-0ccfeda2c3359f9b3",
            "assign_ipv6_address_on_creation": false,
            "availability_zone": "us-west-2a",
            "availability_zone_id": "usw2-az2",
            "cidr_block": "10.20.1.0/28",
            "customer_owned_ipv4_pool": "",
            "enable_dns64": false,
            "enable_lni_at_device_index": 0,
            "enable_resource_name_dns_a_record_on_launch": false,
            "enable_resource_name_dns_aaaa_record_on_launch": false,
            "id": "subnet-0ccfeda2c3359f9b3",
            "ipv6_cidr_block": "",
            "ipv6_cidr_block_association_id": "",
            "ipv6_native": false,
            "map_customer_owned_ip_on_launch": false,
            "map_public_ip_on_launch": false,
            "outpost_arn": "",
            "owner_id": "721500739616",
            "private_dns_hostname_type_on_launch": "ip-name",
            "tags": {
              "Name": "vpc-backend-public-1"
            },
            "tags_all": {
              "Name": "vpc-backend-public-1"
            },
            "timeouts": null,
            "vpc_id": "vpc-0d5fe5db59dd8bc11"
          },
          "sensitive_attributes": [],
          "identity_schema_version": 0,
          "private": "eyJlMmJmYjczMC1lY2FhLTExZTYtOGY4OC0zNDM2M2JjN2M0YzAiOnsiY3JlYXRlIjo2MDAwMDAwMDAwMDAsImRlbGV0ZSI6MTIwMDAwMDAwMDAwMH0sInNjaGVtYV92ZXJzaW9uIjoiMSJ9",
          "dependencies": [
            "module.vpc_backend.aws_vpc.vpc",
            "module.vpc_backend.data.aws_availability_zones.azs"
          ]
        }
      ]
    },
    {
      "module": "module.vpc_backend",
      "mode": "managed",
      "type": "aws_vpc",
      "name": "vpc",
      "provider": "provider[\"registry.terraform.io/hashicorp/aws\"]",
      "instances": [
        {
          "schema_version": 1,
          "attributes": {
            "arn": "arn:aws:ec2:us-west-2:721500739616:vpc/vpc-0d5fe5db59dd8bc11",
            "assign_generated_ipv6_cidr_block": false,
            "cidr_block": "10.20.0.0/16",
            "default_network_acl_id": "acl-016fd47483ea5a489",
            "default_route_table_id": "rtb-01f8b1b90ff939ed4",
            "default_security_group_id": "sg-067c925b34a43cbd9",
            "dhcp_options_id": "dopt-0848e66d7f6f5a487",
            "enable_dns_hostnames": true,
            "enable_dns_support": true,
            "enable_network_address_usage_metrics": false,
            "id": "vpc-0d5fe5db59dd8bc11",
            "instance_tenancy": "default",
            "ipv4_ipam_pool_id": null,
            "ipv4_netmask_length": null,
            "ipv6_association_id": "",
            "ipv6_cidr_block": "",
            "ipv6_cidr_block_network_border_group": "",
            "ipv6_ipam_pool_id": "",
            "ipv6_netmask_length": 0,
            "main_route_table_id": "rtb-01f8b1b90ff939ed4",
            "owner_id": "721500739616",
            "tags": {
              "Name": "vpc-backend-vpc"
            },
            "tags_all": {
              "Name": "vpc-backend-vpc"
            }
          },
          "sensitive_attributes": [],
          "identity_schema_version": 0,
          "private": "eyJzY2hlbWFfdmVyc2lvbiI6IjEifQ=="
        }
      ]
    },
    {
      "module": "module.vpc_gateway",
      "mode": "data",
      "type": "aws_availability_zones",
      "name": "azs",
      "provider": "provider[\"registry.terraform.io/hashicorp/aws\"]",
      "instances": [
        {
          "schema_version": 0,
          "attributes": {
            "all_availability_zones": null,
            "exclude_names": null,
            "exclude_zone_ids": null,
            "filter": [
              {
                "name": "opt-in-status",
                "values": [
                  "opt-in-not-required"
                ]
              }
            ],
            "group_names": [
              "us-west-2-zg-1"
            ],
            "id": "us-west-2",
            "names": [
              "us-west-2a",
              "us-west-2b",
              "us-west-2c",
              "us-west-2d"
            ],
            "state": "available",
            "timeouts": null,
            "zone_ids": [
              "usw2-az2",
              "usw2-az1",
              "usw2-az3",
              "usw2-az4"
            ]
          },
          "sensitive_attributes": [],
          "identity_schema_version": 0
        }
      ]
    },
    {
      "module": "module.vpc_gateway",
      "mode": "managed",
      "type": "aws_eip",
      "name": "nat_eip",
      "provider": "provider[\"registry.terraform.io/hashicorp/aws\"]",
      "instances": [
        {
          "index_key": 0,
          "schema_version": 0,
          "attributes": {
            "address": null,
            "allocation_id": "eipalloc-0e49e45d9ec366d1b",
            "arn": "arn:aws:ec2:us-west-2:721500739616:elastic-ip/eipalloc-0e49e45d9ec366d1b",
            "associate_with_private_ip": null,
            "association_id": "eipassoc-05716dfed163bd630",
            "carrier_ip": "",
            "customer_owned_ip": "",
            "customer_owned_ipv4_pool": "",
            "domain": "vpc",
            "id": "eipalloc-0e49e45d9ec366d1b",
            "instance": "",
            "ipam_pool_id": null,
            "network_border_group": "us-west-2",
            "network_interface": "eni-09dbfec1227c22b9d",
            "private_dns": "ip-10-10-1-102.us-west-2.compute.internal",
            "private_ip": "10.10.1.102",
            "ptr_record": "",
            "public_dns": "ec2-35-164-109-14.us-west-2.compute.amazonaws.com",
            "public_ip": "35.164.109.14",
            "public_ipv4_pool": "amazon",
            "tags": {
              "Name": "vpc-gateway-nat-eip"
            },
            "tags_all": {
              "Name": "vpc-gateway-nat-eip"
            },
            "timeouts": null,
            "vpc": true
          },
          "sensitive_attributes": [],
          "identity_schema_version": 0,
          "private": "eyJlMmJmYjczMC1lY2FhLTExZTYtOGY4OC0zNDM2M2JjN2M0YzAiOnsiZGVsZXRlIjoxODAwMDAwMDAwMDAsInJlYWQiOjkwMDAwMDAwMDAwMCwidXBkYXRlIjozMDAwMDAwMDAwMDB9fQ=="
        }
      ]
    },
    {
      "module": "module.vpc_gateway",
      "mode": "managed",
      "type": "aws_internet_gateway",
      "name": "igw",
      "provider": "provider[\"registry.terraform.io/hashicorp/aws\"]",
      "instances": [
        {
          "index_key": 0,
          "schema_version": 0,
          "attributes": {
            "arn": "arn:aws:ec2:us-west-2:721500739616:internet-gateway/igw-0a789798c919d062c",
            "id": "igw-0a789798c919d062c",
            "owner_id": "721500739616",
            "tags": {
              "Name": "vpc-gateway-igw"
            },
            "tags_all": {
              "Name": "vpc-gateway-igw"
            },
            "timeouts": null,
            "vpc_id": "vpc-090feb488bedbcb62"
          },
          "sensitive_attributes": [],
          "identity_schema_version": 0,
          "private": "eyJlMmJmYjczMC1lY2FhLTExZTYtOGY4OC0zNDM2M2JjN2M0YzAiOnsiY3JlYXRlIjoxMjAwMDAwMDAwMDAwLCJkZWxldGUiOjEyMDAwMDAwMDAwMDAsInVwZGF0ZSI6MTIwMDAwMDAwMDAwMH19",
          "dependencies": [
            "module.vpc_gateway.aws_vpc.vpc"
          ]
        }
      ]
    },
    {
      "module": "module.vpc_gateway",
      "mode": "managed",
      "type": "aws_nat_gateway",
      "name": "nat",
      "provider": "provider[\"registry.terraform.io/hashicorp/aws\"]",
      "instances": [
        {
          "index_key": 0,
          "schema_version": 0,
          "attributes": {
            "allocation_id": "eipalloc-0e49e45d9ec366d1b",
            "association_id": "eipassoc-05716dfed163bd630",
            "connectivity_type": "public",
            "id": "nat-0227a2e5094722948",
            "network_interface_id": "eni-09dbfec1227c22b9d",
            "private_ip": "10.10.1.102",
            "public_ip": "35.164.109.14",
            "secondary_allocation_ids": [],
            "secondary_private_ip_address_count": 0,
            "secondary_private_ip_addresses": [],
            "subnet_id": "subnet-0cde07edee3714a8f",
            "tags": {
              "Name": "vpc-gateway-nat-gw"
            },
            "tags_all": {
              "Name": "vpc-gateway-nat-gw"
            },
            "timeouts": null
          },
          "sensitive_attributes": [],
          "identity_schema_version": 0,
          "private": "eyJlMmJmYjczMC1lY2FhLTExZTYtOGY4OC0zNDM2M2JjN2M0YzAiOnsiY3JlYXRlIjo2MDAwMDAwMDAwMDAsImRlbGV0ZSI6MTgwMDAwMDAwMDAwMCwidXBkYXRlIjo2MDAwMDAwMDAwMDB9fQ==",
          "dependencies": [
            "module.vpc_gateway.aws_eip.nat_eip",
            "module.vpc_gateway.aws_subnet.public",
            "module.vpc_gateway.aws_vpc.vpc",
            "module.vpc_gateway.data.aws_availability_zones.azs"
          ]
        }
      ]
    },
    {
      "module": "module.vpc_gateway",
      "mode": "managed",
      "type": "aws_route",
      "name": "private_nat",
      "provider": "provider[\"registry.terraform.io/hashicorp/aws\"]",
      "instances": [
        {
          "index_key": 0,
          "schema_version": 0,
          "attributes": {
            "carrier_gateway_id": "",
            "core_network_arn": "",
            "destination_cidr_block": "0.0.0.0/0",
            "destination_ipv6_cidr_block": "",
            "destination_prefix_list_id": "",
            "egress_only_gateway_id": "",
            "gateway_id": "",
            "id": "r-rtb-02f6d4a7c12ca5eb91080289494",
            "instance_id": "",
            "instance_owner_id": "",
            "local_gateway_id": "",
            "nat_gateway_id": "nat-0227a2e5094722948",
            "network_interface_id": "",
            "origin": "CreateRoute",
            "route_table_id": "rtb-02f6d4a7c12ca5eb9",
            "state": "active",
            "timeouts": null,
            "transit_gateway_id": "",
            "vpc_endpoint_id": "",
            "vpc_peering_connection_id": ""
          },
          "sensitive_attributes": [],
          "identity_schema_version": 0,
          "private": "eyJlMmJmYjczMC1lY2FhLTExZTYtOGY4OC0zNDM2M2JjN2M0YzAiOnsiY3JlYXRlIjozMDAwMDAwMDAwMDAsImRlbGV0ZSI6MzAwMDAwMDAwMDAwLCJ1cGRhdGUiOjEyMDAwMDAwMDAwMH19",
          "dependencies": [
            "module.vpc_gateway.aws_eip.nat_eip",
            "module.vpc_gateway.aws_nat_gateway.nat",
            "module.vpc_gateway.aws_route_table.private",
            "module.vpc_gateway.aws_subnet.public",
            "module.vpc_gateway.aws_vpc.vpc",
            "module.vpc_gateway.data.aws_availability_zones.azs"
          ]
        }
      ]
    },
    {
      "module": "module.vpc_gateway",
      "mode": "managed",
      "type": "aws_route",
      "name": "public_igw",
      "provider": "provider[\"registry.terraform.io/hashicorp/aws\"]",
      "instances": [
        {
          "index_key": 0,
          "schema_version": 0,
          "attributes": {
            "carrier_gateway_id": "",
            "core_network_arn": "",
            "destination_cidr_block": "0.0.0.0/0",
            "destination_ipv6_cidr_block": "",
            "destination_prefix_list_id": "",
            "egress_only_gateway_id": "",
            "gateway_id": "igw-0a789798c919d062c",
            "id": "r-rtb-0df7aa22b94190c451080289494",
            "instance_id": "",
            "instance_owner_id": "",
            "local_gateway_id": "",
            "nat_gateway_id": "",
            "network_interface_id": "",
            "origin": "CreateRoute",
            "route_table_id": "rtb-0df7aa22b94190c45",
            "state": "active",
            "timeouts": null,
            "transit_gateway_id": "",
            "vpc_endpoint_id": "",
            "vpc_peering_connection_id": ""
          },
          "sensitive_attributes": [],
          "identity_schema_version": 0,
          "private": "eyJlMmJmYjczMC1lY2FhLTExZTYtOGY4OC0zNDM2M2JjN2M0YzAiOnsiY3JlYXRlIjozMDAwMDAwMDAwMDAsImRlbGV0ZSI6MzAwMDAwMDAwMDAwLCJ1cGRhdGUiOjEyMDAwMDAwMDAwMH19",
          "dependencies": [
            "module.vpc_gateway.aws_internet_gateway.igw",
            "module.vpc_gateway.aws_route_table.public",
            "module.vpc_gateway.aws_vpc.vpc"
          ]
        }
      ]
    },
    {
      "module": "module.vpc_gateway",
      "mode": "managed",
      "type": "aws_route_table",
      "name": "private",
      "provider": "provider[\"registry.terraform.io/hashicorp/aws\"]",
      "instances": [
        {
          "index_key": 0,
          "schema_version": 0,
          "attributes": {
            "arn": "arn:aws:ec2:us-west-2:721500739616:route-table/rtb-02f6d4a7c12ca5eb9",
            "id": "rtb-02f6d4a7c12ca5eb9",
            "owner_id": "721500739616",
            "propagating_vgws": [],
            "route": [
              {
                "carrier_gateway_id": "",
                "cidr_block": "0.0.0.0/0",
                "core_network_arn": "",
                "destination_prefix_list_id": "",
                "egress_only_gateway_id": "",
                "gateway_id": "",
                "ipv6_cidr_block": "",
                "local_gateway_id": "",
                "nat_gateway_id": "nat-0227a2e5094722948",
                "network_interface_id": "",
                "transit_gateway_id": "",
                "vpc_endpoint_id": "",
                "vpc_peering_connection_id": ""
              }
            ],
            "tags": {
              "Name": "vpc-gateway-private-rt"
            },
            "tags_all": {
              "Name": "vpc-gateway-private-rt"
            },
            "timeouts": null,
            "vpc_id": "vpc-090feb488bedbcb62"
          },
          "sensitive_attributes": [],
          "identity_schema_version": 0,
          "private": "eyJlMmJmYjczMC1lY2FhLTExZTYtOGY4OC0zNDM2M2JjN2M0YzAiOnsiY3JlYXRlIjozMDAwMDAwMDAwMDAsImRlbGV0ZSI6MzAwMDAwMDAwMDAwLCJ1cGRhdGUiOjEyMDAwMDAwMDAwMH19",
          "dependencies": [
            "module.vpc_gateway.aws_vpc.vpc"
          ]
        }
      ]
    },
    {
      "module": "module.vpc_gateway",
      "mode": "managed",
      "type": "aws_route_table",
      "name": "public",
      "provider": "provider[\"registry.terraform.io/hashicorp/aws\"]",
      "instances": [
        {
          "index_key": 0,
          "schema_version": 0,
          "attributes": {
            "arn": "arn:aws:ec2:us-west-2:721500739616:route-table/rtb-0df7aa22b94190c45",
            "id": "rtb-0df7aa22b94190c45",
            "owner_id": "721500739616",
            "propagating_vgws": [],
            "route": [
              {
                "carrier_gateway_id": "",
                "cidr_block": "0.0.0.0/0",
                "core_network_arn": "",
                "destination_prefix_list_id": "",
                "egress_only_gateway_id": "",
                "gateway_id": "igw-0a789798c919d062c",
                "ipv6_cidr_block": "",
                "local_gateway_id": "",
                "nat_gateway_id": "",
                "network_interface_id": "",
                "transit_gateway_id": "",
                "vpc_endpoint_id": "",
                "vpc_peering_connection_id": ""
              }
            ],
            "tags": {
              "Name": "vpc-gateway-public-rt"
            },
            "tags_all": {
              "Name": "vpc-gateway-public-rt"
            },
            "timeouts": null,
            "vpc_id": "vpc-090feb488bedbcb62"
          },
          "sensitive_attributes": [],
          "identity_schema_version": 0,
          "private": "eyJlMmJmYjczMC1lY2FhLTExZTYtOGY4OC0zNDM2M2JjN2M0YzAiOnsiY3JlYXRlIjozMDAwMDAwMDAwMDAsImRlbGV0ZSI6MzAwMDAwMDAwMDAwLCJ1cGRhdGUiOjEyMDAwMDAwMDAwMH19",
          "dependencies": [
            "module.vpc_gateway.aws_vpc.vpc"
          ]
        }
      ]
    },
    {
      "module": "module.vpc_gateway",
      "mode": "managed",
      "type": "aws_route_table_association",
      "name": "private_assoc",
      "provider": "provider[\"registry.terraform.io/hashicorp/aws\"]",
      "instances": [
        {
          "index_key": 0,
          "schema_version": 0,
          "attributes": {
            "gateway_id": "",
            "id": "rtbassoc-01cf6456c674eb637",
            "route_table_id": "rtb-02f6d4a7c12ca5eb9",
            "subnet_id": "subnet-0fc7365ef79e86f34",
            "timeouts": null
          },
          "sensitive_attributes": [],
          "identity_schema_version": 0,
          "private": "eyJlMmJmYjczMC1lY2FhLTExZTYtOGY4OC0zNDM2M2JjN2M0YzAiOnsiY3JlYXRlIjozMDAwMDAwMDAwMDAsImRlbGV0ZSI6MzAwMDAwMDAwMDAwLCJ1cGRhdGUiOjEyMDAwMDAwMDAwMH19",
          "dependencies": [
            "module.vpc_gateway.aws_route_table.private",
            "module.vpc_gateway.aws_subnet.private",
            "module.vpc_gateway.aws_vpc.vpc",
            "module.vpc_gateway.data.aws_availability_zones.azs"
          ]
        },
        {
          "index_key": 1,
          "schema_version": 0,
          "attributes": {
            "gateway_id": "",
            "id": "rtbassoc-0afa1d9d666179bfe",
            "route_table_id": "rtb-02f6d4a7c12ca5eb9",
            "subnet_id": "subnet-0e4e753ee050db38a",
            "timeouts": null
          },
          "sensitive_attributes": [],
          "identity_schema_version": 0,
          "private": "eyJlMmJmYjczMC1lY2FhLTExZTYtOGY4OC0zNDM2M2JjN2M0YzAiOnsiY3JlYXRlIjozMDAwMDAwMDAwMDAsImRlbGV0ZSI6MzAwMDAwMDAwMDAwLCJ1cGRhdGUiOjEyMDAwMDAwMDAwMH19",
          "dependencies": [
            "module.vpc_gateway.aws_route_table.private",
            "module.vpc_gateway.aws_subnet.private",
            "module.vpc_gateway.aws_vpc.vpc",
            "module.vpc_gateway.data.aws_availability_zones.azs"
          ]
        }
      ]
    },
    {
      "module": "module.vpc_gateway",
      "mode": "managed",
      "type": "aws_route_table_association",
      "name": "public_assoc",
      "provider": "provider[\"registry.terraform.io/hashicorp/aws\"]",
      "instances": [
        {
          "index_key": 0,
          "schema_version": 0,
          "attributes": {
            "gateway_id": "",
            "id": "rtbassoc-0b6a54963d744decd",
            "route_table_id": "rtb-0df7aa22b94190c45",
            "subnet_id": "subnet-0cde07edee3714a8f",
            "timeouts": null
          },
          "sensitive_attributes": [],
          "identity_schema_version": 0,
          "private": "eyJlMmJmYjczMC1lY2FhLTExZTYtOGY4OC0zNDM2M2JjN2M0YzAiOnsiY3JlYXRlIjozMDAwMDAwMDAwMDAsImRlbGV0ZSI6MzAwMDAwMDAwMDAwLCJ1cGRhdGUiOjEyMDAwMDAwMDAwMH19",
          "dependencies": [
            "module.vpc_gateway.aws_route_table.public",
            "module.vpc_gateway.aws_subnet.public",
            "module.vpc_gateway.aws_vpc.vpc",
            "module.vpc_gateway.data.aws_availability_zones.azs"
          ]
        },
        {
          "index_key": 1,
          "schema_version": 0,
          "attributes": {
            "gateway_id": "",
            "id": "rtbassoc-04ac8ca3e7510bf7c",
            "route_table_id": "rtb-0df7aa22b94190c45",
            "subnet_id": "subnet-00d7365fa25fffa9f",
            "timeouts": null
          },
          "sensitive_attributes": [],
          "identity_schema_version": 0,
          "private": "eyJlMmJmYjczMC1lY2FhLTExZTYtOGY4OC0zNDM2M2JjN2M0YzAiOnsiY3JlYXRlIjozMDAwMDAwMDAwMDAsImRlbGV0ZSI6MzAwMDAwMDAwMDAwLCJ1cGRhdGUiOjEyMDAwMDAwMDAwMH19",
          "dependencies": [
            "module.vpc_gateway.aws_route_table.public",
            "module.vpc_gateway.aws_subnet.public",
            "module.vpc_gateway.aws_vpc.vpc",
            "module.vpc_gateway.data.aws_availability_zones.azs"
          ]
        }
      ]
    },
    {
      "module": "module.vpc_gateway",
      "mode": "managed",
      "type": "aws_subnet",
      "name": "private",
      "provider": "provider[\"registry.terraform.io/hashicorp/aws\"]",
      "instances": [
        {
          "index_key": 0,
          "schema_version": 1,
          "attributes": {
            "arn": "arn:aws:ec2:us-west-2:721500739616:subnet/subnet-0fc7365ef79e86f34",
            "assign_ipv6_address_on_creation": false,
            "availability_zone": "us-west-2a",
            "availability_zone_id": "usw2-az2",
            "cidr_block": "10.10.11.0/24",
            "customer_owned_ipv4_pool": "",
            "enable_dns64": false,
            "enable_lni_at_device_index": 0,
            "enable_resource_name_dns_a_record_on_launch": false,
            "enable_resource_name_dns_aaaa_record_on_launch": false,
            "id": "subnet-0fc7365ef79e86f34",
            "ipv6_cidr_block": "",
            "ipv6_cidr_block_association_id": "",
            "ipv6_native": false,
            "map_customer_owned_ip_on_launch": false,
            "map_public_ip_on_launch": false,
            "outpost_arn": "",
            "owner_id": "721500739616",
            "private_dns_hostname_type_on_launch": "ip-name",
            "tags": {
              "Name": "vpc-gateway-private-1"
            },
            "tags_all": {
              "Name": "vpc-gateway-private-1"
            },
            "timeouts": null,
            "vpc_id": "vpc-090feb488bedbcb62"
          },
          "sensitive_attributes": [],
          "identity_schema_version": 0,
          "private": "eyJlMmJmYjczMC1lY2FhLTExZTYtOGY4OC0zNDM2M2JjN2M0YzAiOnsiY3JlYXRlIjo2MDAwMDAwMDAwMDAsImRlbGV0ZSI6MTIwMDAwMDAwMDAwMH0sInNjaGVtYV92ZXJzaW9uIjoiMSJ9",
          "dependencies": [
            "module.vpc_gateway.aws_vpc.vpc",
            "module.vpc_gateway.data.aws_availability_zones.azs"
          ]
        },
        {
          "index_key": 1,
          "schema_version": 1,
          "attributes": {
            "arn": "arn:aws:ec2:us-west-2:721500739616:subnet/subnet-0e4e753ee050db38a",
            "assign_ipv6_address_on_creation": false,
            "availability_zone": "us-west-2b",
            "availability_zone_id": "usw2-az1",
            "cidr_block": "10.10.12.0/24",
            "customer_owned_ipv4_pool": "",
            "enable_dns64": false,
            "enable_lni_at_device_index": 0,
            "enable_resource_name_dns_a_record_on_launch": false,
            "enable_resource_name_dns_aaaa_record_on_launch": false,
            "id": "subnet-0e4e753ee050db38a",
            "ipv6_cidr_block": "",
            "ipv6_cidr_block_association_id": "",
            "ipv6_native": false,
            "map_customer_owned_ip_on_launch": false,
            "map_public_ip_on_launch": false,
            "outpost_arn": "",
            "owner_id": "721500739616",
            "private_dns_hostname_type_on_launch": "ip-name",
            "tags": {
              "Name": "vpc-gateway-private-2"
            },
            "tags_all": {
              "Name": "vpc-gateway-private-2"
            },
            "timeouts": null,
            "vpc_id": "vpc-090feb488bedbcb62"
          },
          "sensitive_attributes": [],
          "identity_schema_version": 0,
          "private": "eyJlMmJmYjczMC1lY2FhLTExZTYtOGY4OC0zNDM2M2JjN2M0YzAiOnsiY3JlYXRlIjo2MDAwMDAwMDAwMDAsImRlbGV0ZSI6MTIwMDAwMDAwMDAwMH0sInNjaGVtYV92ZXJzaW9uIjoiMSJ9",
          "dependencies": [
            "module.vpc_gateway.aws_vpc.vpc",
            "module.vpc_gateway.data.aws_availability_zones.azs"
          ]
        }
      ]
    },
    {
      "module": "module.vpc_gateway",
      "mode": "managed",
      "type": "aws_subnet",
      "name": "public",
      "provider": "provider[\"registry.terraform.io/hashicorp/aws\"]",
      "instances": [
        {
          "index_key": 0,
          "schema_version": 1,
          "attributes": {
            "arn": "arn:aws:ec2:us-west-2:721500739616:subnet/subnet-0cde07edee3714a8f",
            "assign_ipv6_address_on_creation": false,
            "availability_zone": "us-west-2a",
            "availability_zone_id": "usw2-az2",
            "cidr_block": "10.10.1.0/24",
            "customer_owned_ipv4_pool": "",
            "enable_dns64": false,
            "enable_lni_at_device_index": 0,
            "enable_resource_name_dns_a_record_on_launch": false,
            "enable_resource_name_dns_aaaa_record_on_launch": false,
            "id": "subnet-0cde07edee3714a8f",
            "ipv6_cidr_block": "",
            "ipv6_cidr_block_association_id": "",
            "ipv6_native": false,
            "map_customer_owned_ip_on_launch": false,
            "map_public_ip_on_launch": false,
            "outpost_arn": "",
            "owner_id": "721500739616",
            "private_dns_hostname_type_on_launch": "ip-name",
            "tags": {
              "Name": "vpc-gateway-public-1"
            },
            "tags_all": {
              "Name": "vpc-gateway-public-1"
            },
            "timeouts": null,
            "vpc_id": "vpc-090feb488bedbcb62"
          },
          "sensitive_attributes": [],
          "identity_schema_version": 0,
          "private": "eyJlMmJmYjczMC1lY2FhLTExZTYtOGY4OC0zNDM2M2JjN2M0YzAiOnsiY3JlYXRlIjo2MDAwMDAwMDAwMDAsImRlbGV0ZSI6MTIwMDAwMDAwMDAwMH0sInNjaGVtYV92ZXJzaW9uIjoiMSJ9",
          "dependencies": [
            "module.vpc_gateway.aws_vpc.vpc",
            "module.vpc_gateway.data.aws_availability_zones.azs"
          ]
        },
        {
          "index_key": 1,
          "schema_version": 1,
          "attributes": {
            "arn": "arn:aws:ec2:us-west-2:721500739616:subnet/subnet-00d7365fa25fffa9f",
            "assign_ipv6_address_on_creation": false,
            "availability_zone": "us-west-2b",
            "availability_zone_id": "usw2-az1",
            "cidr_block": "10.10.2.0/24",
            "customer_owned_ipv4_pool": "",
            "enable_dns64": false,
            "enable_lni_at_device_index": 0,
            "enable_resource_name_dns_a_record_on_launch": false,
            "enable_resource_name_dns_aaaa_record_on_launch": false,
            "id": "subnet-00d7365fa25fffa9f",
            "ipv6_cidr_block": "",
            "ipv6_cidr_block_association_id": "",
            "ipv6_native": false,
            "map_customer_owned_ip_on_launch": false,
            "map_public_ip_on_launch": false,
            "outpost_arn": "",
            "owner_id": "721500739616",
            "private_dns_hostname_type_on_launch": "ip-name",
            "tags": {
              "Name": "vpc-gateway-public-2"
            },
            "tags_all": {
              "Name": "vpc-gateway-public-2"
            },
            "timeouts": null,
            "vpc_id": "vpc-090feb488bedbcb62"
          },
          "sensitive_attributes": [],
          "identity_schema_version": 0,
          "private": "eyJlMmJmYjczMC1lY2FhLTExZTYtOGY4OC0zNDM2M2JjN2M0YzAiOnsiY3JlYXRlIjo2MDAwMDAwMDAwMDAsImRlbGV0ZSI6MTIwMDAwMDAwMDAwMH0sInNjaGVtYV92ZXJzaW9uIjoiMSJ9",
          "dependencies": [
            "module.vpc_gateway.aws_vpc.vpc",
            "module.vpc_gateway.data.aws_availability_zones.azs"
          ]
        }
      ]
    },
    {
      "module": "module.vpc_gateway",
      "mode": "managed",
      "type": "aws_vpc",
      "name": "vpc",
      "provider": "provider[\"registry.terraform.io/hashicorp/aws\"]",
      "instances": [
        {
          "schema_version": 1,
          "attributes": {
            "arn": "arn:aws:ec2:us-west-2:721500739616:vpc/vpc-090feb488bedbcb62",
            "assign_generated_ipv6_cidr_block": false,
            "cidr_block": "10.10.0.0/16",
            "default_network_acl_id": "acl-08e2e7b5fd1878f7d",
            "default_route_table_id": "rtb-0174197b53cd288c1",
            "default_security_group_id": "sg-0ba47e62e3e13f42a",
            "dhcp_options_id": "dopt-0848e66d7f6f5a487",
            "enable_dns_hostnames": true,
            "enable_dns_support": true,
            "enable_network_address_usage_metrics": false,
            "id": "vpc-090feb488bedbcb62",
            "instance_tenancy": "default",
            "ipv4_ipam_pool_id": null,
            "ipv4_netmask_length": null,
            "ipv6_association_id": "",
            "ipv6_cidr_block": "",
            "ipv6_cidr_block_network_border_group": "",
            "ipv6_ipam_pool_id": "",
            "ipv6_netmask_length": 0,
            "main_route_table_id": "rtb-0174197b53cd288c1",
            "owner_id": "721500739616",
            "tags": {
              "Name": "vpc-gateway-vpc"
            },
            "tags_all": {
              "Name": "vpc-gateway-vpc"
            }
          },
          "sensitive_attributes": [],
          "identity_schema_version": 0,
          "private": "eyJzY2hlbWFfdmVyc2lvbiI6IjEifQ=="
        }
      ]
    },
    {
      "module": "module.vpc_peering_gateway_backend",
      "mode": "managed",
      "type": "aws_route",
      "name": "accepter_private_to_requester",
      "provider": "provider[\"registry.terraform.io/hashicorp/aws\"]",
      "instances": [
        {
          "schema_version": 0,
          "attributes": {
            "carrier_gateway_id": "",
            "core_network_arn": "",
            "destination_cidr_block": "10.10.0.0/16",
            "destination_ipv6_cidr_block": "",
            "destination_prefix_list_id": "",
            "egress_only_gateway_id": "",
            "gateway_id": "",
            "id": "r-rtb-031954851bbdda9b7519371977",
            "instance_id": "",
            "instance_owner_id": "",
            "local_gateway_id": "",
            "nat_gateway_id": "",
            "network_interface_id": "",
            "origin": "CreateRoute",
            "route_table_id": "rtb-031954851bbdda9b7",
            "state": "active",
            "timeouts": null,
            "transit_gateway_id": "",
            "vpc_endpoint_id": "",
            "vpc_peering_connection_id": "pcx-009f50c8b0e017ef4"
          },
          "sensitive_attributes": [],
          "identity_schema_version": 0,
          "private": "eyJlMmJmYjczMC1lY2FhLTExZTYtOGY4OC0zNDM2M2JjN2M0YzAiOnsiY3JlYXRlIjozMDAwMDAwMDAwMDAsImRlbGV0ZSI6MzAwMDAwMDAwMDAwLCJ1cGRhdGUiOjEyMDAwMDAwMDAwMH19",
          "dependencies": [
            "module.vpc_backend.aws_route_table.private",
            "module.vpc_backend.aws_vpc.vpc",
            "module.vpc_gateway.aws_vpc.vpc",
            "module.vpc_peering_gateway_backend.aws_vpc_peering_connection.peer"
          ]
        }
      ]
    },
    {
      "module": "module.vpc_peering_gateway_backend",
      "mode": "managed",
      "type": "aws_route",
      "name": "requester_private_to_accepter",
      "provider": "provider[\"registry.terraform.io/hashicorp/aws\"]",
      "instances": [
        {
          "schema_version": 0,
          "attributes": {
            "carrier_gateway_id": "",
            "core_network_arn": "",
            "destination_cidr_block": "10.20.0.0/16",
            "destination_ipv6_cidr_block": "",
            "destination_prefix_list_id": "",
            "egress_only_gateway_id": "",
            "gateway_id": "",
            "id": "r-rtb-02f6d4a7c12ca5eb9662290444",
            "instance_id": "",
            "instance_owner_id": "",
            "local_gateway_id": "",
            "nat_gateway_id": "",
            "network_interface_id": "",
            "origin": "CreateRoute",
            "route_table_id": "rtb-02f6d4a7c12ca5eb9",
            "state": "active",
            "timeouts": null,
            "transit_gateway_id": "",
            "vpc_endpoint_id": "",
            "vpc_peering_connection_id": "pcx-009f50c8b0e017ef4"
          },
          "sensitive_attributes": [],
          "identity_schema_version": 0,
          "private": "eyJlMmJmYjczMC1lY2FhLTExZTYtOGY4OC0zNDM2M2JjN2M0YzAiOnsiY3JlYXRlIjozMDAwMDAwMDAwMDAsImRlbGV0ZSI6MzAwMDAwMDAwMDAwLCJ1cGRhdGUiOjEyMDAwMDAwMDAwMH19",
          "dependencies": [
            "module.vpc_backend.aws_vpc.vpc",
            "module.vpc_gateway.aws_route_table.private",
            "module.vpc_gateway.aws_vpc.vpc",
            "module.vpc_peering_gateway_backend.aws_vpc_peering_connection.peer"
          ]
        }
      ]
    },
    {
      "module": "module.vpc_peering_gateway_backend",
      "mode": "managed",
      "type": "aws_route",
      "name": "requester_public_to_accepter",
      "provider": "provider[\"registry.terraform.io/hashicorp/aws\"]",
      "instances": [
        {
          "index_key": 0,
          "schema_version": 0,
          "attributes": {
            "carrier_gateway_id": "",
            "core_network_arn": "",
            "destination_cidr_block": "10.20.0.0/16",
            "destination_ipv6_cidr_block": "",
            "destination_prefix_list_id": "",
            "egress_only_gateway_id": "",
            "gateway_id": "",
            "id": "r-rtb-0df7aa22b94190c45662290444",
            "instance_id": "",
            "instance_owner_id": "",
            "local_gateway_id": "",
            "nat_gateway_id": "",
            "network_interface_id": "",
            "origin": "CreateRoute",
            "route_table_id": "rtb-0df7aa22b94190c45",
            "state": "active",
            "timeouts": null,
            "transit_gateway_id": "",
            "vpc_endpoint_id": "",
            "vpc_peering_connection_id": "pcx-009f50c8b0e017ef4"
          },
          "sensitive_attributes": [],
          "identity_schema_version": 0,
          "private": "eyJlMmJmYjczMC1lY2FhLTExZTYtOGY4OC0zNDM2M2JjN2M0YzAiOnsiY3JlYXRlIjozMDAwMDAwMDAwMDAsImRlbGV0ZSI6MzAwMDAwMDAwMDAwLCJ1cGRhdGUiOjEyMDAwMDAwMDAwMH19",
          "dependencies": [
            "module.vpc_backend.aws_vpc.vpc",
            "module.vpc_gateway.aws_route_table.public",
            "module.vpc_gateway.aws_vpc.vpc",
            "module.vpc_peering_gateway_backend.aws_vpc_peering_connection.peer"
          ]
        }
      ]
    },
    {
      "module": "module.vpc_peering_gateway_backend",
      "mode": "managed",
      "type": "aws_vpc_peering_connection",
      "name": "peer",
      "provider": "provider[\"registry.terraform.io/hashicorp/aws\"]",
      "instances": [
        {
          "schema_version": 0,
          "attributes": {
            "accept_status": "active",
            "accepter": [
              {
                "allow_remote_vpc_dns_resolution": false
              }
            ],
            "auto_accept": true,
            "id": "pcx-009f50c8b0e017ef4",
            "peer_owner_id": "721500739616",
            "peer_region": "us-west-2",
            "peer_vpc_id": "vpc-0d5fe5db59dd8bc11",
            "requester": [
              {
                "allow_remote_vpc_dns_resolution": false
              }
            ],
            "tags": {
              "Name": "vpc-gateway-backend"
            },
            "tags_all": {
              "Name": "vpc-gateway-backend"
            },
            "timeouts": null,
            "vpc_id": "vpc-090feb488bedbcb62"
          },
          "sensitive_attributes": [],
          "identity_schema_version": 0,
          "private": "eyJlMmJmYjczMC1lY2FhLTExZTYtOGY4OC0zNDM2M2JjN2M0YzAiOnsiY3JlYXRlIjo2MDAwMDAwMDAwMCwiZGVsZXRlIjo2MDAwMDAwMDAwMCwidXBkYXRlIjo2MDAwMDAwMDAwMH19",
          "dependencies": [
            "module.vpc_backend.aws_vpc.vpc",
            "module.vpc_gateway.aws_vpc.vpc"
          ]
        }
      ]
    }
  ],
  "check_results": [
    {
      "object_kind": "resource",
      "config_addr": "module.eks_gateway.module.eks.module.eks_managed_node_group.module.user_data.null_resource.validate_cluster_service_cidr",
      "status": "unknown",
      "objects": null
    },
    {
      "object_kind": "var",
      "config_addr": "module.eks_backend.module.eks.module.self_managed_node_group.var.platform",
      "status": "unknown",
      "objects": null
    },
    {
      "object_kind": "resource",
      "config_addr": "module.eks_backend.module.eks.module.self_managed_node_group.module.user_data.null_resource.validate_cluster_service_cidr",
      "status": "unknown",
      "objects": null
    },
    {
      "object_kind": "resource",
      "config_addr": "module.eks_backend.module.eks.module.eks_managed_node_group.module.user_data.null_resource.validate_cluster_service_cidr",
      "status": "unknown",
      "objects": null
    },
    {
      "object_kind": "var",
      "config_addr": "module.eks_gateway.module.eks.module.self_managed_node_group.var.platform",
      "status": "unknown",
      "objects": null
    },
    {
      "object_kind": "resource",
      "config_addr": "module.eks_gateway.module.eks.module.self_managed_node_group.module.user_data.null_resource.validate_cluster_service_cidr",
      "status": "unknown",
      "objects": null
    }
  ]
}
